// !$*UTF8*$!
{
	archiveVersion = 1;
	classes = {
	};
	objectVersion = 51;
	objects = {

/* Begin PBXBuildFile section */
		0CFD4B95FE75E7BC02C376E9 /* Pods_VK_PlusHW2_4.framework in Frameworks */ = {isa = PBXBuildFile; fileRef = 71AC2705F12893D7B68FBF9E /* Pods_VK_PlusHW2_4.framework */; };
		2305EC18261A2C4B00FB2E2D /* FriendInfoCollectionController.swift in Sources */ = {isa = PBXBuildFile; fileRef = 2305EC17261A2C4B00FB2E2D /* FriendInfoCollectionController.swift */; };
		2310A6C4268DEE27006DAFFC /* OneNews.swift in Sources */ = {isa = PBXBuildFile; fileRef = 2310A6C3268DEE27006DAFFC /* OneNews.swift */; };
		23156EB626CAA458008CEE76 /* LoadAllGroupsWithAdapter.swift in Sources */ = {isa = PBXBuildFile; fileRef = 23156EB526CAA458008CEE76 /* LoadAllGroupsWithAdapter.swift */; };
		23156EBA26CAA54E008CEE76 /* ModelAllGroupsForAdapter.swift in Sources */ = {isa = PBXBuildFile; fileRef = 23156EB926CAA54E008CEE76 /* ModelAllGroupsForAdapter.swift */; };
		2317F72E26CC3E0E0012AE85 /* NewsLikesViewModelFactory.swift in Sources */ = {isa = PBXBuildFile; fileRef = 2317F72D26CC3E0E0012AE85 /* NewsLikesViewModelFactory.swift */; };
		2317F73126CC3EA80012AE85 /* NewsLikesViewModel.swift in Sources */ = {isa = PBXBuildFile; fileRef = 2317F73026CC3EA80012AE85 /* NewsLikesViewModel.swift */; };
		232015B926AD63E400583AC6 /* ShowMoreOrLessCell.swift in Sources */ = {isa = PBXBuildFile; fileRef = 232015B726AD63E400583AC6 /* ShowMoreOrLessCell.swift */; };
		232015BA26AD63E400583AC6 /* ShowMoreOrLessCell.xib in Resources */ = {isa = PBXBuildFile; fileRef = 232015B826AD63E400583AC6 /* ShowMoreOrLessCell.xib */; };
		23229C3C268C809E00A47FD2 /* NewsCollectionViewCell.swift in Sources */ = {isa = PBXBuildFile; fileRef = 23229C3A268C809E00A47FD2 /* NewsCollectionViewCell.swift */; };
		23229C3D268C809E00A47FD2 /* NewsCollectionViewCell.xib in Resources */ = {isa = PBXBuildFile; fileRef = 23229C3B268C809E00A47FD2 /* NewsCollectionViewCell.xib */; };
		23241C75268F19EA009740F3 /* VKAttachmentCommon.swift in Sources */ = {isa = PBXBuildFile; fileRef = 23241C74268F19EA009740F3 /* VKAttachmentCommon.swift */; };
		23241C79268F1DBA009740F3 /* VKNewsPhoto.swift in Sources */ = {isa = PBXBuildFile; fileRef = 23241C78268F1DBA009740F3 /* VKNewsPhoto.swift */; };
		23241C7C2691E5D6009740F3 /* VKNewsItems.swift in Sources */ = {isa = PBXBuildFile; fileRef = 23241C7B2691E5D6009740F3 /* VKNewsItems.swift */; };
		2326BD9226973667005A151A /* SizeVKNewsPhoto.swift in Sources */ = {isa = PBXBuildFile; fileRef = 2326BD9126973667005A151A /* SizeVKNewsPhoto.swift */; };
		2326BD98269739BB005A151A /* VKNewsAudio.swift in Sources */ = {isa = PBXBuildFile; fileRef = 2326BD97269739BB005A151A /* VKNewsAudio.swift */; };
		2326BD9B26973C72005A151A /* VKNewsLink.swift in Sources */ = {isa = PBXBuildFile; fileRef = 2326BD9A26973C72005A151A /* VKNewsLink.swift */; };
		2326BD9E26973FE9005A151A /* VKNewsVideo.swift in Sources */ = {isa = PBXBuildFile; fileRef = 2326BD9D26973FE9005A151A /* VKNewsVideo.swift */; };
		2326BDA12697417C005A151A /* VKAttachmentPhoto.swift in Sources */ = {isa = PBXBuildFile; fileRef = 2326BDA02697417C005A151A /* VKAttachmentPhoto.swift */; };
		2326BDA4269741FB005A151A /* VKAttachmentLink.swift in Sources */ = {isa = PBXBuildFile; fileRef = 2326BDA3269741FB005A151A /* VKAttachmentLink.swift */; };
		2326BDA726974228005A151A /* VKAttachmenkAudio.swift in Sources */ = {isa = PBXBuildFile; fileRef = 2326BDA626974228005A151A /* VKAttachmenkAudio.swift */; };
		2326BDAA2697424F005A151A /* VKAttachmentVideo.swift in Sources */ = {isa = PBXBuildFile; fileRef = 2326BDA92697424F005A151A /* VKAttachmentVideo.swift */; };
		232B4AED26AB332A00EF4BCC /* VKNextGroupOfNews.swift in Sources */ = {isa = PBXBuildFile; fileRef = 232B4AEC26AB332A00EF4BCC /* VKNextGroupOfNews.swift */; };
		23326B272698BC2B00C005E9 /* VKResponseDecodable.swift in Sources */ = {isa = PBXBuildFile; fileRef = 23326B262698BC2B00C005E9 /* VKResponseDecodable.swift */; };
		2364CFD22635CFFE00674049 /* FotoCollectionViewCell.swift in Sources */ = {isa = PBXBuildFile; fileRef = 2364CFD02635CFFE00674049 /* FotoCollectionViewCell.swift */; };
		2364CFD32635CFFE00674049 /* FotoCollectionViewCell.xib in Resources */ = {isa = PBXBuildFile; fileRef = 2364CFD12635CFFE00674049 /* FotoCollectionViewCell.xib */; };
		236B026226236F760079A087 /* AvatarImage.swift in Sources */ = {isa = PBXBuildFile; fileRef = 236B026126236F760079A087 /* AvatarImage.swift */; };
		236B026626236F9B0079A087 /* AvatarBackShadow.swift in Sources */ = {isa = PBXBuildFile; fileRef = 236B026526236F9B0079A087 /* AvatarBackShadow.swift */; };
		236B265E261E3CCC00610508 /* Group.swift in Sources */ = {isa = PBXBuildFile; fileRef = 236B265D261E3CCC00610508 /* Group.swift */; };
		236B2661261E417500610508 /* ActiveGroupsTableController.swift in Sources */ = {isa = PBXBuildFile; fileRef = 236B2660261E417500610508 /* ActiveGroupsTableController.swift */; };
		236B2664261E418A00610508 /* AllGroupsTableController.swift in Sources */ = {isa = PBXBuildFile; fileRef = 236B2663261E418A00610508 /* AllGroupsTableController.swift */; };
		236B9E0D264C2980006665D4 /* FriendsViewTableController.swift in Sources */ = {isa = PBXBuildFile; fileRef = 236B9E0C264C2980006665D4 /* FriendsViewTableController.swift */; };
		236CE25E26A204330036747F /* GetPhotosOperation.swift in Sources */ = {isa = PBXBuildFile; fileRef = 236CE25D26A204330036747F /* GetPhotosOperation.swift */; };
		236CE26226A206140036747F /* AsyncOperation.swift in Sources */ = {isa = PBXBuildFile; fileRef = 236CE26126A206140036747F /* AsyncOperation.swift */; };
		236CE26726A20A860036747F /* ParsingPhotosOperation.swift in Sources */ = {isa = PBXBuildFile; fileRef = 236CE26626A20A860036747F /* ParsingPhotosOperation.swift */; };
		236CE26B26A20BFF0036747F /* SavePhotoToRealmOperation.swift in Sources */ = {isa = PBXBuildFile; fileRef = 236CE26A26A20BFF0036747F /* SavePhotoToRealmOperation.swift */; };
		236CE26E26A20F120036747F /* ConvertInRealmTypeOperation.swift in Sources */ = {isa = PBXBuildFile; fileRef = 236CE26D26A20F120036747F /* ConvertInRealmTypeOperation.swift */; };
		236CE27F26A45A8D0036747F /* GetUserFromNetWithPromise.swift in Sources */ = {isa = PBXBuildFile; fileRef = 236CE27E26A45A8D0036747F /* GetUserFromNetWithPromise.swift */; };
		236CE28226A45B260036747F /* PromiseError.swift in Sources */ = {isa = PBXBuildFile; fileRef = 236CE28126A45B260036747F /* PromiseError.swift */; };
		236CE28526A45D380036747F /* GetDataInTypeVKFriendsWithPromise.swift in Sources */ = {isa = PBXBuildFile; fileRef = 236CE28426A45D380036747F /* GetDataInTypeVKFriendsWithPromise.swift */; };
		236CF9DF2653BD5B00C9DE63 /* DataAboutSession.swift in Sources */ = {isa = PBXBuildFile; fileRef = 236CF9DE2653BD5B00C9DE63 /* DataAboutSession.swift */; };
		236D04A8261EC296005A62BC /* heightOfSell.swift in Sources */ = {isa = PBXBuildFile; fileRef = 236D04A7261EC296005A62BC /* heightOfSell.swift */; };
		236DC2D526332C420050DC65 /* AllPhotoOfFriendViewController.swift in Sources */ = {isa = PBXBuildFile; fileRef = 236DC2D426332C420050DC65 /* AllPhotoOfFriendViewController.swift */; };
		236F738D263C98C7006A21EE /* AnimationCreateAndDestroyBigPhoto.swift in Sources */ = {isa = PBXBuildFile; fileRef = 236F738C263C98C7006A21EE /* AnimationCreateAndDestroyBigPhoto.swift */; };
		2373046426788FEF00E85113 /* RealmActiveGroups.swift in Sources */ = {isa = PBXBuildFile; fileRef = 2373046326788FEF00E85113 /* RealmActiveGroups.swift */; };
		237304692678CE5800E85113 /* RealmAllGroups.swift in Sources */ = {isa = PBXBuildFile; fileRef = 237304682678CE5800E85113 /* RealmAllGroups.swift */; };
		237638FA2664E65A00A4DD78 /* OnePhoto.swift in Sources */ = {isa = PBXBuildFile; fileRef = 237638F92664E65A00A4DD78 /* OnePhoto.swift */; };
		237638FD2664E82900A4DD78 /* AllPhotoOfFriend.swift in Sources */ = {isa = PBXBuildFile; fileRef = 237638FC2664E82900A4DD78 /* AllPhotoOfFriend.swift */; };
		2376C4C52617421300822D22 /* AppDelegate.swift in Sources */ = {isa = PBXBuildFile; fileRef = 2376C4C42617421300822D22 /* AppDelegate.swift */; };
		2376C4C72617421300822D22 /* SceneDelegate.swift in Sources */ = {isa = PBXBuildFile; fileRef = 2376C4C62617421300822D22 /* SceneDelegate.swift */; };
		2376C4C92617421300822D22 /* LoginPasswordController.swift in Sources */ = {isa = PBXBuildFile; fileRef = 2376C4C82617421300822D22 /* LoginPasswordController.swift */; };
		2376C4CC2617421300822D22 /* Main.storyboard in Resources */ = {isa = PBXBuildFile; fileRef = 2376C4CA2617421300822D22 /* Main.storyboard */; };
		2376C4CE2617421400822D22 /* Assets.xcassets in Resources */ = {isa = PBXBuildFile; fileRef = 2376C4CD2617421400822D22 /* Assets.xcassets */; };
		2376C4D12617421400822D22 /* LaunchScreen.storyboard in Resources */ = {isa = PBXBuildFile; fileRef = 2376C4CF2617421400822D22 /* LaunchScreen.storyboard */; };
		2377784926711BA8006B5BAF /* RealmUser.swift in Sources */ = {isa = PBXBuildFile; fileRef = 2377784826711BA8006B5BAF /* RealmUser.swift */; };
		2377784D2671374B006B5BAF /*  RealmService.swift in Sources */ = {isa = PBXBuildFile; fileRef = 2377784C2671374B006B5BAF /*  RealmService.swift */; };
		23777850267141C5006B5BAF /* RealmUserPhoto.swift in Sources */ = {isa = PBXBuildFile; fileRef = 2377784F267141C5006B5BAF /* RealmUserPhoto.swift */; };
		2377A296265D5D1400BC4A38 /* PathOfMethodsVK.swift in Sources */ = {isa = PBXBuildFile; fileRef = 2377A295265D5D1400BC4A38 /* PathOfMethodsVK.swift */; };
		2377A299265D5D7900BC4A38 /* MainNetworkService.swift in Sources */ = {isa = PBXBuildFile; fileRef = 2377A298265D5D7900BC4A38 /* MainNetworkService.swift */; };
		237DFA772667EF86006B26D3 /* ActiveAndFoundGroups.swift in Sources */ = {isa = PBXBuildFile; fileRef = 237DFA762667EF86006B26D3 /* ActiveAndFoundGroups.swift */; };
		237DFA7E2667F9E7006B26D3 /* VKGroup.swift in Sources */ = {isa = PBXBuildFile; fileRef = 237DFA7D2667F9E7006B26D3 /* VKGroup.swift */; };
		238053C5265CF89E00893AC0 /* VKLoginPasswordViewController.swift in Sources */ = {isa = PBXBuildFile; fileRef = 238053C4265CF89E00893AC0 /* VKLoginPasswordViewController.swift */; };
		23824AF8262DD74D00826E19 /* ViewController.swift in Sources */ = {isa = PBXBuildFile; fileRef = 23824AF7262DD74D00826E19 /* ViewController.swift */; };
		23838501262C7FF600321095 /* FriendAndGroupCell.swift in Sources */ = {isa = PBXBuildFile; fileRef = 238384FF262C7FF600321095 /* FriendAndGroupCell.swift */; };
		23838502262C7FF600321095 /* FriendAndGroupCell.xib in Resources */ = {isa = PBXBuildFile; fileRef = 23838500262C7FF600321095 /* FriendAndGroupCell.xib */; };
		2383850D262C9B4D00321095 /* NewsAvatarCell.swift in Sources */ = {isa = PBXBuildFile; fileRef = 2383850B262C9B4D00321095 /* NewsAvatarCell.swift */; };
		2383850E262C9B4D00321095 /* NewsAvatarCell.xib in Resources */ = {isa = PBXBuildFile; fileRef = 2383850C262C9B4D00321095 /* NewsAvatarCell.xib */; };
		23838511262C9E4E00321095 /* NewsTableViewController.swift in Sources */ = {isa = PBXBuildFile; fileRef = 23838510262C9E4E00321095 /* NewsTableViewController.swift */; };
		23838516262CA75700321095 /* News.swift in Sources */ = {isa = PBXBuildFile; fileRef = 23838515262CA75700321095 /* News.swift */; };
		2383851B262CB44400321095 /* NewsPhotoCell.swift in Sources */ = {isa = PBXBuildFile; fileRef = 23838519262CB44300321095 /* NewsPhotoCell.swift */; };
		2383851C262CB44400321095 /* NewsPhotoCell.xib in Resources */ = {isa = PBXBuildFile; fileRef = 2383851A262CB44400321095 /* NewsPhotoCell.xib */; };
		23838520262CC39100321095 /* NewsCommentCell.swift in Sources */ = {isa = PBXBuildFile; fileRef = 2383851E262CC39100321095 /* NewsCommentCell.swift */; };
		23838521262CC39100321095 /* NewsCommentCell.xib in Resources */ = {isa = PBXBuildFile; fileRef = 2383851F262CC39100321095 /* NewsCommentCell.xib */; };
		23838525262CC56200321095 /* NewsLikesCell.swift in Sources */ = {isa = PBXBuildFile; fileRef = 23838523262CC56200321095 /* NewsLikesCell.swift */; };
		23838526262CC56200321095 /* NewsLikesCell.xib in Resources */ = {isa = PBXBuildFile; fileRef = 23838524262CC56200321095 /* NewsLikesCell.xib */; };
		23839E8B261E03D9008C7DE1 /* User.swift in Sources */ = {isa = PBXBuildFile; fileRef = 23839E8A261E03D9008C7DE1 /* User.swift */; };
		23894E692649972200C6D5A2 /* QuickTransitionControl.swift in Sources */ = {isa = PBXBuildFile; fileRef = 23894E682649972200C6D5A2 /* QuickTransitionControl.swift */; };
		238D55E726642557005FDDE3 /* VKUser.swift in Sources */ = {isa = PBXBuildFile; fileRef = 238D55E626642557005FDDE3 /* VKUser.swift */; };
		238D55EB266425AF005FDDE3 /* VKResponse.swift in Sources */ = {isa = PBXBuildFile; fileRef = 238D55EA266425AF005FDDE3 /* VKResponse.swift */; };
		238D55EE266425DB005FDDE3 /* VKFriends.swift in Sources */ = {isa = PBXBuildFile; fileRef = 238D55ED266425DB005FDDE3 /* VKFriends.swift */; };
		2396CE70269DA2F700AE1A00 /* VKNewsComments.swift in Sources */ = {isa = PBXBuildFile; fileRef = 2396CE6F269DA2F700AE1A00 /* VKNewsComments.swift */; };
		2396CE73269DA35B00AE1A00 /* VKNewsLikes.swift in Sources */ = {isa = PBXBuildFile; fileRef = 2396CE72269DA35B00AE1A00 /* VKNewsLikes.swift */; };
		2396CE76269DA3D500AE1A00 /* VKNewsReposts.swift in Sources */ = {isa = PBXBuildFile; fileRef = 2396CE75269DA3D500AE1A00 /* VKNewsReposts.swift */; };
		2396CE79269DA42700AE1A00 /* VKNewsViews.swift in Sources */ = {isa = PBXBuildFile; fileRef = 2396CE78269DA42700AE1A00 /* VKNewsViews.swift */; };
		2396CE7E269DBDE200AE1A00 /* VKGroupsOfNews.swift in Sources */ = {isa = PBXBuildFile; fileRef = 2396CE7D269DBDE200AE1A00 /* VKGroupsOfNews.swift */; };
		2396CE81269DC9BF00AE1A00 /* VKResponseArray.swift in Sources */ = {isa = PBXBuildFile; fileRef = 2396CE80269DC9BF00AE1A00 /* VKResponseArray.swift */; };
		2396CE8826A073A400AE1A00 /* VKNewsProfiles.swift in Sources */ = {isa = PBXBuildFile; fileRef = 2396CE8726A073A400AE1A00 /* VKNewsProfiles.swift */; };
		2396CE8B26A073C800AE1A00 /* VKNewsGroups.swift in Sources */ = {isa = PBXBuildFile; fileRef = 2396CE8A26A073C800AE1A00 /* VKNewsGroups.swift */; };
		2396CE9226A0752C00AE1A00 /* OneVKProfiles.swift in Sources */ = {isa = PBXBuildFile; fileRef = 2396CE9126A0752C00AE1A00 /* OneVKProfiles.swift */; };
		2396CE9726A0764800AE1A00 /* OneVKGroup.swift in Sources */ = {isa = PBXBuildFile; fileRef = 2396CE9626A0764800AE1A00 /* OneVKGroup.swift */; };
		239A082B2639BC9900C917A6 /* NavigationControllerForAnimation.swift in Sources */ = {isa = PBXBuildFile; fileRef = 239A082A2639BC9900C917A6 /* NavigationControllerForAnimation.swift */; };
		239A08302639C71300C917A6 /* AnimationPopForNavigator.swift in Sources */ = {isa = PBXBuildFile; fileRef = 239A082F2639C71300C917A6 /* AnimationPopForNavigator.swift */; };
		239F1891262F4C7D009D0929 /* CommonMetods.swift in Sources */ = {isa = PBXBuildFile; fileRef = 239F1890262F4C7D009D0929 /* CommonMetods.swift */; };
		239F1894262F5DF4009D0929 /* FriendAndGroupsAndNewsHeader.swift in Sources */ = {isa = PBXBuildFile; fileRef = 239F1893262F5DF4009D0929 /* FriendAndGroupsAndNewsHeader.swift */; };
		23A7C36026A4627D004F5084 /* ConvertAndSaveInRealmWithPromise.swift in Sources */ = {isa = PBXBuildFile; fileRef = 23A7C35F26A4627D004F5084 /* ConvertAndSaveInRealmWithPromise.swift */; };
		23BAB23626385EEA00DA4128 /* AnimationPopAndPush.swift in Sources */ = {isa = PBXBuildFile; fileRef = 23BAB23526385EEA00DA4128 /* AnimationPopAndPush.swift */; };
		23D55DD526A4A63E005B7431 /* PhotoService.swift in Sources */ = {isa = PBXBuildFile; fileRef = 23D55DD426A4A63E005B7431 /* PhotoService.swift */; };
		23F2551526C9819300FBE23F /* FlyweightForCGPoint.swift in Sources */ = {isa = PBXBuildFile; fileRef = 23F2551426C9819300FBE23F /* FlyweightForCGPoint.swift */; };
		23F79DF426A94DBD00B09E9D /* NewsLikesCellSnapKit.swift in Sources */ = {isa = PBXBuildFile; fileRef = 23F79DF226A94DBD00B09E9D /* NewsLikesCellSnapKit.swift */; };
		23F79DF526A94DBD00B09E9D /* NewsLikesCellSnapKit.xib in Resources */ = {isa = PBXBuildFile; fileRef = 23F79DF326A94DBD00B09E9D /* NewsLikesCellSnapKit.xib */; };
/* End PBXBuildFile section */

/* Begin PBXFileReference section */
		2305EC17261A2C4B00FB2E2D /* FriendInfoCollectionController.swift */ = {isa = PBXFileReference; lastKnownFileType = sourcecode.swift; path = FriendInfoCollectionController.swift; sourceTree = "<group>"; };
		2310A6C3268DEE27006DAFFC /* OneNews.swift */ = {isa = PBXFileReference; lastKnownFileType = sourcecode.swift; path = OneNews.swift; sourceTree = "<group>"; };
		23156EB526CAA458008CEE76 /* LoadAllGroupsWithAdapter.swift */ = {isa = PBXFileReference; lastKnownFileType = sourcecode.swift; path = LoadAllGroupsWithAdapter.swift; sourceTree = "<group>"; };
		23156EB926CAA54E008CEE76 /* ModelAllGroupsForAdapter.swift */ = {isa = PBXFileReference; lastKnownFileType = sourcecode.swift; path = ModelAllGroupsForAdapter.swift; sourceTree = "<group>"; };
		2317F72D26CC3E0E0012AE85 /* NewsLikesViewModelFactory.swift */ = {isa = PBXFileReference; lastKnownFileType = sourcecode.swift; path = NewsLikesViewModelFactory.swift; sourceTree = "<group>"; };
		2317F73026CC3EA80012AE85 /* NewsLikesViewModel.swift */ = {isa = PBXFileReference; lastKnownFileType = sourcecode.swift; path = NewsLikesViewModel.swift; sourceTree = "<group>"; };
		232015B726AD63E400583AC6 /* ShowMoreOrLessCell.swift */ = {isa = PBXFileReference; lastKnownFileType = sourcecode.swift; path = ShowMoreOrLessCell.swift; sourceTree = "<group>"; };
		232015B826AD63E400583AC6 /* ShowMoreOrLessCell.xib */ = {isa = PBXFileReference; lastKnownFileType = file.xib; path = ShowMoreOrLessCell.xib; sourceTree = "<group>"; };
		23229C3A268C809E00A47FD2 /* NewsCollectionViewCell.swift */ = {isa = PBXFileReference; lastKnownFileType = sourcecode.swift; path = NewsCollectionViewCell.swift; sourceTree = "<group>"; };
		23229C3B268C809E00A47FD2 /* NewsCollectionViewCell.xib */ = {isa = PBXFileReference; lastKnownFileType = file.xib; path = NewsCollectionViewCell.xib; sourceTree = "<group>"; };
		23241C74268F19EA009740F3 /* VKAttachmentCommon.swift */ = {isa = PBXFileReference; lastKnownFileType = sourcecode.swift; path = VKAttachmentCommon.swift; sourceTree = "<group>"; };
		23241C78268F1DBA009740F3 /* VKNewsPhoto.swift */ = {isa = PBXFileReference; lastKnownFileType = sourcecode.swift; path = VKNewsPhoto.swift; sourceTree = "<group>"; };
		23241C7B2691E5D6009740F3 /* VKNewsItems.swift */ = {isa = PBXFileReference; lastKnownFileType = sourcecode.swift; path = VKNewsItems.swift; sourceTree = "<group>"; };
		2326BD9126973667005A151A /* SizeVKNewsPhoto.swift */ = {isa = PBXFileReference; lastKnownFileType = sourcecode.swift; path = SizeVKNewsPhoto.swift; sourceTree = "<group>"; };
		2326BD97269739BB005A151A /* VKNewsAudio.swift */ = {isa = PBXFileReference; lastKnownFileType = sourcecode.swift; path = VKNewsAudio.swift; sourceTree = "<group>"; };
		2326BD9A26973C72005A151A /* VKNewsLink.swift */ = {isa = PBXFileReference; lastKnownFileType = sourcecode.swift; path = VKNewsLink.swift; sourceTree = "<group>"; };
		2326BD9D26973FE9005A151A /* VKNewsVideo.swift */ = {isa = PBXFileReference; lastKnownFileType = sourcecode.swift; path = VKNewsVideo.swift; sourceTree = "<group>"; };
		2326BDA02697417C005A151A /* VKAttachmentPhoto.swift */ = {isa = PBXFileReference; lastKnownFileType = sourcecode.swift; path = VKAttachmentPhoto.swift; sourceTree = "<group>"; };
		2326BDA3269741FB005A151A /* VKAttachmentLink.swift */ = {isa = PBXFileReference; lastKnownFileType = sourcecode.swift; path = VKAttachmentLink.swift; sourceTree = "<group>"; };
		2326BDA626974228005A151A /* VKAttachmenkAudio.swift */ = {isa = PBXFileReference; lastKnownFileType = sourcecode.swift; path = VKAttachmenkAudio.swift; sourceTree = "<group>"; };
		2326BDA92697424F005A151A /* VKAttachmentVideo.swift */ = {isa = PBXFileReference; lastKnownFileType = sourcecode.swift; path = VKAttachmentVideo.swift; sourceTree = "<group>"; };
		232B4AEC26AB332A00EF4BCC /* VKNextGroupOfNews.swift */ = {isa = PBXFileReference; lastKnownFileType = sourcecode.swift; path = VKNextGroupOfNews.swift; sourceTree = "<group>"; };
		23326B262698BC2B00C005E9 /* VKResponseDecodable.swift */ = {isa = PBXFileReference; lastKnownFileType = sourcecode.swift; path = VKResponseDecodable.swift; sourceTree = "<group>"; };
		2364CFD02635CFFE00674049 /* FotoCollectionViewCell.swift */ = {isa = PBXFileReference; lastKnownFileType = sourcecode.swift; path = FotoCollectionViewCell.swift; sourceTree = "<group>"; };
		2364CFD12635CFFE00674049 /* FotoCollectionViewCell.xib */ = {isa = PBXFileReference; lastKnownFileType = file.xib; path = FotoCollectionViewCell.xib; sourceTree = "<group>"; };
		236B026126236F760079A087 /* AvatarImage.swift */ = {isa = PBXFileReference; lastKnownFileType = sourcecode.swift; path = AvatarImage.swift; sourceTree = "<group>"; };
		236B026526236F9B0079A087 /* AvatarBackShadow.swift */ = {isa = PBXFileReference; lastKnownFileType = sourcecode.swift; path = AvatarBackShadow.swift; sourceTree = "<group>"; };
		236B265D261E3CCC00610508 /* Group.swift */ = {isa = PBXFileReference; lastKnownFileType = sourcecode.swift; path = Group.swift; sourceTree = "<group>"; };
		236B2660261E417500610508 /* ActiveGroupsTableController.swift */ = {isa = PBXFileReference; lastKnownFileType = sourcecode.swift; path = ActiveGroupsTableController.swift; sourceTree = "<group>"; };
		236B2663261E418A00610508 /* AllGroupsTableController.swift */ = {isa = PBXFileReference; lastKnownFileType = sourcecode.swift; path = AllGroupsTableController.swift; sourceTree = "<group>"; };
		236B9E0C264C2980006665D4 /* FriendsViewTableController.swift */ = {isa = PBXFileReference; lastKnownFileType = sourcecode.swift; path = FriendsViewTableController.swift; sourceTree = "<group>"; };
		236CE25D26A204330036747F /* GetPhotosOperation.swift */ = {isa = PBXFileReference; lastKnownFileType = sourcecode.swift; path = GetPhotosOperation.swift; sourceTree = "<group>"; };
		236CE26126A206140036747F /* AsyncOperation.swift */ = {isa = PBXFileReference; lastKnownFileType = sourcecode.swift; path = AsyncOperation.swift; sourceTree = "<group>"; };
		236CE26626A20A860036747F /* ParsingPhotosOperation.swift */ = {isa = PBXFileReference; lastKnownFileType = sourcecode.swift; path = ParsingPhotosOperation.swift; sourceTree = "<group>"; };
		236CE26A26A20BFF0036747F /* SavePhotoToRealmOperation.swift */ = {isa = PBXFileReference; lastKnownFileType = sourcecode.swift; path = SavePhotoToRealmOperation.swift; sourceTree = "<group>"; };
		236CE26D26A20F120036747F /* ConvertInRealmTypeOperation.swift */ = {isa = PBXFileReference; lastKnownFileType = sourcecode.swift; path = ConvertInRealmTypeOperation.swift; sourceTree = "<group>"; };
		236CE27E26A45A8D0036747F /* GetUserFromNetWithPromise.swift */ = {isa = PBXFileReference; lastKnownFileType = sourcecode.swift; path = GetUserFromNetWithPromise.swift; sourceTree = "<group>"; };
		236CE28126A45B260036747F /* PromiseError.swift */ = {isa = PBXFileReference; lastKnownFileType = sourcecode.swift; path = PromiseError.swift; sourceTree = "<group>"; };
		236CE28426A45D380036747F /* GetDataInTypeVKFriendsWithPromise.swift */ = {isa = PBXFileReference; lastKnownFileType = sourcecode.swift; path = GetDataInTypeVKFriendsWithPromise.swift; sourceTree = "<group>"; };
		236CF9DE2653BD5B00C9DE63 /* DataAboutSession.swift */ = {isa = PBXFileReference; lastKnownFileType = sourcecode.swift; path = DataAboutSession.swift; sourceTree = "<group>"; };
		236D04A7261EC296005A62BC /* heightOfSell.swift */ = {isa = PBXFileReference; lastKnownFileType = sourcecode.swift; path = heightOfSell.swift; sourceTree = "<group>"; };
		236DC2D426332C420050DC65 /* AllPhotoOfFriendViewController.swift */ = {isa = PBXFileReference; lastKnownFileType = sourcecode.swift; path = AllPhotoOfFriendViewController.swift; sourceTree = "<group>"; };
		236F738C263C98C7006A21EE /* AnimationCreateAndDestroyBigPhoto.swift */ = {isa = PBXFileReference; lastKnownFileType = sourcecode.swift; path = AnimationCreateAndDestroyBigPhoto.swift; sourceTree = "<group>"; };
		2373046326788FEF00E85113 /* RealmActiveGroups.swift */ = {isa = PBXFileReference; lastKnownFileType = sourcecode.swift; path = RealmActiveGroups.swift; sourceTree = "<group>"; };
		237304682678CE5800E85113 /* RealmAllGroups.swift */ = {isa = PBXFileReference; lastKnownFileType = sourcecode.swift; path = RealmAllGroups.swift; sourceTree = "<group>"; };
		237638F92664E65A00A4DD78 /* OnePhoto.swift */ = {isa = PBXFileReference; lastKnownFileType = sourcecode.swift; path = OnePhoto.swift; sourceTree = "<group>"; };
		237638FC2664E82900A4DD78 /* AllPhotoOfFriend.swift */ = {isa = PBXFileReference; lastKnownFileType = sourcecode.swift; path = AllPhotoOfFriend.swift; sourceTree = "<group>"; };
		2376C4C12617421300822D22 /* VK_PlusHW2.4.app */ = {isa = PBXFileReference; explicitFileType = wrapper.application; includeInIndex = 0; path = VK_PlusHW2.4.app; sourceTree = BUILT_PRODUCTS_DIR; };
		2376C4C42617421300822D22 /* AppDelegate.swift */ = {isa = PBXFileReference; lastKnownFileType = sourcecode.swift; path = AppDelegate.swift; sourceTree = "<group>"; };
		2376C4C62617421300822D22 /* SceneDelegate.swift */ = {isa = PBXFileReference; lastKnownFileType = sourcecode.swift; path = SceneDelegate.swift; sourceTree = "<group>"; };
		2376C4C82617421300822D22 /* LoginPasswordController.swift */ = {isa = PBXFileReference; lastKnownFileType = sourcecode.swift; path = LoginPasswordController.swift; sourceTree = "<group>"; };
		2376C4CB2617421300822D22 /* Base */ = {isa = PBXFileReference; lastKnownFileType = file.storyboard; name = Base; path = Base.lproj/Main.storyboard; sourceTree = "<group>"; };
		2376C4CD2617421400822D22 /* Assets.xcassets */ = {isa = PBXFileReference; lastKnownFileType = folder.assetcatalog; path = Assets.xcassets; sourceTree = "<group>"; };
		2376C4D02617421400822D22 /* Base */ = {isa = PBXFileReference; lastKnownFileType = file.storyboard; name = Base; path = Base.lproj/LaunchScreen.storyboard; sourceTree = "<group>"; };
		2376C4D22617421400822D22 /* Info.plist */ = {isa = PBXFileReference; lastKnownFileType = text.plist.xml; path = Info.plist; sourceTree = "<group>"; };
		2377784826711BA8006B5BAF /* RealmUser.swift */ = {isa = PBXFileReference; lastKnownFileType = sourcecode.swift; path = RealmUser.swift; sourceTree = "<group>"; };
		2377784C2671374B006B5BAF /*  RealmService.swift */ = {isa = PBXFileReference; lastKnownFileType = sourcecode.swift; path = " RealmService.swift"; sourceTree = "<group>"; };
		2377784F267141C5006B5BAF /* RealmUserPhoto.swift */ = {isa = PBXFileReference; lastKnownFileType = sourcecode.swift; path = RealmUserPhoto.swift; sourceTree = "<group>"; };
		2377A295265D5D1400BC4A38 /* PathOfMethodsVK.swift */ = {isa = PBXFileReference; lastKnownFileType = sourcecode.swift; path = PathOfMethodsVK.swift; sourceTree = "<group>"; };
		2377A298265D5D7900BC4A38 /* MainNetworkService.swift */ = {isa = PBXFileReference; lastKnownFileType = sourcecode.swift; path = MainNetworkService.swift; sourceTree = "<group>"; };
		237DFA762667EF86006B26D3 /* ActiveAndFoundGroups.swift */ = {isa = PBXFileReference; lastKnownFileType = sourcecode.swift; path = ActiveAndFoundGroups.swift; sourceTree = "<group>"; };
		237DFA7D2667F9E7006B26D3 /* VKGroup.swift */ = {isa = PBXFileReference; lastKnownFileType = sourcecode.swift; path = VKGroup.swift; sourceTree = "<group>"; };
		238053C4265CF89E00893AC0 /* VKLoginPasswordViewController.swift */ = {isa = PBXFileReference; lastKnownFileType = sourcecode.swift; path = VKLoginPasswordViewController.swift; sourceTree = "<group>"; };
		23824AF7262DD74D00826E19 /* ViewController.swift */ = {isa = PBXFileReference; lastKnownFileType = sourcecode.swift; path = ViewController.swift; sourceTree = "<group>"; };
		238384FF262C7FF600321095 /* FriendAndGroupCell.swift */ = {isa = PBXFileReference; lastKnownFileType = sourcecode.swift; path = FriendAndGroupCell.swift; sourceTree = "<group>"; };
		23838500262C7FF600321095 /* FriendAndGroupCell.xib */ = {isa = PBXFileReference; lastKnownFileType = file.xib; path = FriendAndGroupCell.xib; sourceTree = "<group>"; };
		2383850B262C9B4D00321095 /* NewsAvatarCell.swift */ = {isa = PBXFileReference; lastKnownFileType = sourcecode.swift; path = NewsAvatarCell.swift; sourceTree = "<group>"; };
		2383850C262C9B4D00321095 /* NewsAvatarCell.xib */ = {isa = PBXFileReference; lastKnownFileType = file.xib; path = NewsAvatarCell.xib; sourceTree = "<group>"; };
		23838510262C9E4E00321095 /* NewsTableViewController.swift */ = {isa = PBXFileReference; lastKnownFileType = sourcecode.swift; path = NewsTableViewController.swift; sourceTree = "<group>"; };
		23838515262CA75700321095 /* News.swift */ = {isa = PBXFileReference; lastKnownFileType = sourcecode.swift; path = News.swift; sourceTree = "<group>"; };
		23838519262CB44300321095 /* NewsPhotoCell.swift */ = {isa = PBXFileReference; lastKnownFileType = sourcecode.swift; path = NewsPhotoCell.swift; sourceTree = "<group>"; };
		2383851A262CB44400321095 /* NewsPhotoCell.xib */ = {isa = PBXFileReference; lastKnownFileType = file.xib; path = NewsPhotoCell.xib; sourceTree = "<group>"; };
		2383851E262CC39100321095 /* NewsCommentCell.swift */ = {isa = PBXFileReference; lastKnownFileType = sourcecode.swift; path = NewsCommentCell.swift; sourceTree = "<group>"; };
		2383851F262CC39100321095 /* NewsCommentCell.xib */ = {isa = PBXFileReference; lastKnownFileType = file.xib; path = NewsCommentCell.xib; sourceTree = "<group>"; };
		23838523262CC56200321095 /* NewsLikesCell.swift */ = {isa = PBXFileReference; lastKnownFileType = sourcecode.swift; path = NewsLikesCell.swift; sourceTree = "<group>"; };
		23838524262CC56200321095 /* NewsLikesCell.xib */ = {isa = PBXFileReference; lastKnownFileType = file.xib; path = NewsLikesCell.xib; sourceTree = "<group>"; };
		23839E8A261E03D9008C7DE1 /* User.swift */ = {isa = PBXFileReference; lastKnownFileType = sourcecode.swift; path = User.swift; sourceTree = "<group>"; };
		23894E682649972200C6D5A2 /* QuickTransitionControl.swift */ = {isa = PBXFileReference; lastKnownFileType = sourcecode.swift; path = QuickTransitionControl.swift; sourceTree = "<group>"; };
		238D55E626642557005FDDE3 /* VKUser.swift */ = {isa = PBXFileReference; lastKnownFileType = sourcecode.swift; path = VKUser.swift; sourceTree = "<group>"; };
		238D55EA266425AF005FDDE3 /* VKResponse.swift */ = {isa = PBXFileReference; lastKnownFileType = sourcecode.swift; path = VKResponse.swift; sourceTree = "<group>"; };
		238D55ED266425DB005FDDE3 /* VKFriends.swift */ = {isa = PBXFileReference; lastKnownFileType = sourcecode.swift; path = VKFriends.swift; sourceTree = "<group>"; };
		2396CE6F269DA2F700AE1A00 /* VKNewsComments.swift */ = {isa = PBXFileReference; lastKnownFileType = sourcecode.swift; path = VKNewsComments.swift; sourceTree = "<group>"; };
		2396CE72269DA35B00AE1A00 /* VKNewsLikes.swift */ = {isa = PBXFileReference; lastKnownFileType = sourcecode.swift; path = VKNewsLikes.swift; sourceTree = "<group>"; };
		2396CE75269DA3D500AE1A00 /* VKNewsReposts.swift */ = {isa = PBXFileReference; lastKnownFileType = sourcecode.swift; path = VKNewsReposts.swift; sourceTree = "<group>"; };
		2396CE78269DA42700AE1A00 /* VKNewsViews.swift */ = {isa = PBXFileReference; lastKnownFileType = sourcecode.swift; path = VKNewsViews.swift; sourceTree = "<group>"; };
		2396CE7D269DBDE200AE1A00 /* VKGroupsOfNews.swift */ = {isa = PBXFileReference; lastKnownFileType = sourcecode.swift; path = VKGroupsOfNews.swift; sourceTree = "<group>"; };
		2396CE80269DC9BF00AE1A00 /* VKResponseArray.swift */ = {isa = PBXFileReference; lastKnownFileType = sourcecode.swift; path = VKResponseArray.swift; sourceTree = "<group>"; };
		2396CE8726A073A400AE1A00 /* VKNewsProfiles.swift */ = {isa = PBXFileReference; lastKnownFileType = sourcecode.swift; path = VKNewsProfiles.swift; sourceTree = "<group>"; };
		2396CE8A26A073C800AE1A00 /* VKNewsGroups.swift */ = {isa = PBXFileReference; lastKnownFileType = sourcecode.swift; path = VKNewsGroups.swift; sourceTree = "<group>"; };
		2396CE9126A0752C00AE1A00 /* OneVKProfiles.swift */ = {isa = PBXFileReference; lastKnownFileType = sourcecode.swift; path = OneVKProfiles.swift; sourceTree = "<group>"; };
		2396CE9626A0764800AE1A00 /* OneVKGroup.swift */ = {isa = PBXFileReference; lastKnownFileType = sourcecode.swift; path = OneVKGroup.swift; sourceTree = "<group>"; };
		239A082A2639BC9900C917A6 /* NavigationControllerForAnimation.swift */ = {isa = PBXFileReference; lastKnownFileType = sourcecode.swift; path = NavigationControllerForAnimation.swift; sourceTree = "<group>"; };
		239A082F2639C71300C917A6 /* AnimationPopForNavigator.swift */ = {isa = PBXFileReference; lastKnownFileType = sourcecode.swift; path = AnimationPopForNavigator.swift; sourceTree = "<group>"; };
		239F1890262F4C7D009D0929 /* CommonMetods.swift */ = {isa = PBXFileReference; lastKnownFileType = sourcecode.swift; path = CommonMetods.swift; sourceTree = "<group>"; };
		239F1893262F5DF4009D0929 /* FriendAndGroupsAndNewsHeader.swift */ = {isa = PBXFileReference; lastKnownFileType = sourcecode.swift; path = FriendAndGroupsAndNewsHeader.swift; sourceTree = "<group>"; };
		23A7C35F26A4627D004F5084 /* ConvertAndSaveInRealmWithPromise.swift */ = {isa = PBXFileReference; lastKnownFileType = sourcecode.swift; path = ConvertAndSaveInRealmWithPromise.swift; sourceTree = "<group>"; };
		23BAB23526385EEA00DA4128 /* AnimationPopAndPush.swift */ = {isa = PBXFileReference; lastKnownFileType = sourcecode.swift; path = AnimationPopAndPush.swift; sourceTree = "<group>"; };
		23D55DD426A4A63E005B7431 /* PhotoService.swift */ = {isa = PBXFileReference; lastKnownFileType = sourcecode.swift; path = PhotoService.swift; sourceTree = "<group>"; };
		23F2551426C9819300FBE23F /* FlyweightForCGPoint.swift */ = {isa = PBXFileReference; lastKnownFileType = sourcecode.swift; path = FlyweightForCGPoint.swift; sourceTree = "<group>"; };
		23F79DF226A94DBD00B09E9D /* NewsLikesCellSnapKit.swift */ = {isa = PBXFileReference; lastKnownFileType = sourcecode.swift; path = NewsLikesCellSnapKit.swift; sourceTree = "<group>"; };
		23F79DF326A94DBD00B09E9D /* NewsLikesCellSnapKit.xib */ = {isa = PBXFileReference; lastKnownFileType = file.xib; path = NewsLikesCellSnapKit.xib; sourceTree = "<group>"; };
		71AC2705F12893D7B68FBF9E /* Pods_VK_PlusHW2_4.framework */ = {isa = PBXFileReference; explicitFileType = wrapper.framework; includeInIndex = 0; path = Pods_VK_PlusHW2_4.framework; sourceTree = BUILT_PRODUCTS_DIR; };
		AD20E4A1930B5F6F55A353A1 /* Pods-VK_PlusHW2.4.debug.xcconfig */ = {isa = PBXFileReference; includeInIndex = 1; lastKnownFileType = text.xcconfig; name = "Pods-VK_PlusHW2.4.debug.xcconfig"; path = "Target Support Files/Pods-VK_PlusHW2.4/Pods-VK_PlusHW2.4.debug.xcconfig"; sourceTree = "<group>"; };
		E9E5197FEDF259390DBA7831 /* Pods-VK_PlusHW2.4.release.xcconfig */ = {isa = PBXFileReference; includeInIndex = 1; lastKnownFileType = text.xcconfig; name = "Pods-VK_PlusHW2.4.release.xcconfig"; path = "Target Support Files/Pods-VK_PlusHW2.4/Pods-VK_PlusHW2.4.release.xcconfig"; sourceTree = "<group>"; };
/* End PBXFileReference section */

/* Begin PBXFrameworksBuildPhase section */
		2376C4BE2617421300822D22 /* Frameworks */ = {
			isa = PBXFrameworksBuildPhase;
			buildActionMask = 2147483647;
			files = (
				0CFD4B95FE75E7BC02C376E9 /* Pods_VK_PlusHW2_4.framework in Frameworks */,
			);
			runOnlyForDeploymentPostprocessing = 0;
		};
/* End PBXFrameworksBuildPhase section */

/* Begin PBXGroup section */
		2310A6BF268DE777006DAFFC /* VKNews */ = {
			isa = PBXGroup;
			children = (
				2396CE9026A0750400AE1A00 /* VKNewsGroups */,
				2396CE8F26A074EC00AE1A00 /* VKNewsProfiles */,
				2396CE8E26A0749600AE1A00 /* VKNewsItems */,
				232B4AEC26AB332A00EF4BCC /* VKNextGroupOfNews.swift */,
			);
			path = VKNews;
			sourceTree = "<group>";
		};
		23156EB326CAA3E9008CEE76 /* Flyweight */ = {
			isa = PBXGroup;
			children = (
				23F2551426C9819300FBE23F /* FlyweightForCGPoint.swift */,
			);
			path = Flyweight;
			sourceTree = "<group>";
		};
		23156EB426CAA3F6008CEE76 /* Adapter */ = {
			isa = PBXGroup;
			children = (
				23156EB526CAA458008CEE76 /* LoadAllGroupsWithAdapter.swift */,
				23156EB926CAA54E008CEE76 /* ModelAllGroupsForAdapter.swift */,
			);
			path = Adapter;
			sourceTree = "<group>";
		};
		2317F72C26CC2E060012AE85 /* SimpleFactory */ = {
			isa = PBXGroup;
			children = (
				2317F72D26CC3E0E0012AE85 /* NewsLikesViewModelFactory.swift */,
				2317F73026CC3EA80012AE85 /* NewsLikesViewModel.swift */,
			);
			path = SimpleFactory;
			sourceTree = "<group>";
		};
		2326BD8F269734B3005A151A /* VKNewsAttachments */ = {
			isa = PBXGroup;
			children = (
				23241C74268F19EA009740F3 /* VKAttachmentCommon.swift */,
				23241C78268F1DBA009740F3 /* VKNewsPhoto.swift */,
				2326BD9126973667005A151A /* SizeVKNewsPhoto.swift */,
				2326BD97269739BB005A151A /* VKNewsAudio.swift */,
				2326BD9A26973C72005A151A /* VKNewsLink.swift */,
				2326BD9D26973FE9005A151A /* VKNewsVideo.swift */,
				2326BDA02697417C005A151A /* VKAttachmentPhoto.swift */,
				2326BDA3269741FB005A151A /* VKAttachmentLink.swift */,
				2326BDA626974228005A151A /* VKAttachmenkAudio.swift */,
				2326BDA92697424F005A151A /* VKAttachmentVideo.swift */,
			);
			path = VKNewsAttachments;
			sourceTree = "<group>";
		};
		236B026026236E530079A087 /* Graphics */ = {
			isa = PBXGroup;
			children = (
				236B026126236F760079A087 /* AvatarImage.swift */,
				236B026526236F9B0079A087 /* AvatarBackShadow.swift */,
				23824AF7262DD74D00826E19 /* ViewController.swift */,
				23894E682649972200C6D5A2 /* QuickTransitionControl.swift */,
			);
			path = Graphics;
			sourceTree = "<group>";
		};
		236B265B261E3CAB00610508 /* Model */ = {
			isa = PBXGroup;
			children = (
				2377784726711B8D006B5BAF /* RealmModels */,
				238D55E526642527005FDDE3 /* VKModels */,
				23839E8A261E03D9008C7DE1 /* User.swift */,
				236B265D261E3CCC00610508 /* Group.swift */,
				236D04A7261EC296005A62BC /* heightOfSell.swift */,
				23838515262CA75700321095 /* News.swift */,
				236CF9DE2653BD5B00C9DE63 /* DataAboutSession.swift */,
			);
			path = Model;
			sourceTree = "<group>";
		};
		236CE25C26A204080036747F /* Operation */ = {
			isa = PBXGroup;
			children = (
				236CE25D26A204330036747F /* GetPhotosOperation.swift */,
				236CE26126A206140036747F /* AsyncOperation.swift */,
				236CE26626A20A860036747F /* ParsingPhotosOperation.swift */,
				236CE26A26A20BFF0036747F /* SavePhotoToRealmOperation.swift */,
				236CE26D26A20F120036747F /* ConvertInRealmTypeOperation.swift */,
			);
			path = Operation;
			sourceTree = "<group>";
		};
		236CE27D26A45A4F0036747F /* Promise */ = {
			isa = PBXGroup;
			children = (
				236CE27E26A45A8D0036747F /* GetUserFromNetWithPromise.swift */,
				236CE28126A45B260036747F /* PromiseError.swift */,
				236CE28426A45D380036747F /* GetDataInTypeVKFriendsWithPromise.swift */,
				23A7C35F26A4627D004F5084 /* ConvertAndSaveInRealmWithPromise.swift */,
			);
			path = Promise;
			sourceTree = "<group>";
		};
		237638F72664E5F900A4DD78 /* VKFriends */ = {
			isa = PBXGroup;
			children = (
				238D55ED266425DB005FDDE3 /* VKFriends.swift */,
				238D55E626642557005FDDE3 /* VKUser.swift */,
			);
			path = VKFriends;
			sourceTree = "<group>";
		};
		237638F82664E62000A4DD78 /* VKPhoto */ = {
			isa = PBXGroup;
			children = (
				237638F92664E65A00A4DD78 /* OnePhoto.swift */,
				237638FC2664E82900A4DD78 /* AllPhotoOfFriend.swift */,
			);
			path = VKPhoto;
			sourceTree = "<group>";
		};
		2376C4B82617421300822D22 = {
			isa = PBXGroup;
			children = (
				23F2551326C9812100FBE23F /* Patterns */,
				236CE27D26A45A4F0036747F /* Promise */,
				236CE25C26A204080036747F /* Operation */,
				238053C3265CF84200893AC0 /* NetworkService */,
				23BAB23426385ECE00DA4128 /* Animation */,
				239F188F262F4C66009D0929 /* CommonMetods */,
				236B026026236E530079A087 /* Graphics */,
				236B265B261E3CAB00610508 /* Model */,
				2376C4C32617421300822D22 /* VK_PlusHW2.4 */,
				2376C4C22617421300822D22 /* Products */,
				6BAA621CEB7488AC1B3F5CCC /* Pods */,
				A184E4386A384AA0ECE8C77A /* Frameworks */,
			);
			sourceTree = "<group>";
		};
		2376C4C22617421300822D22 /* Products */ = {
			isa = PBXGroup;
			children = (
				2376C4C12617421300822D22 /* VK_PlusHW2.4.app */,
			);
			name = Products;
			sourceTree = "<group>";
		};
		2376C4C32617421300822D22 /* VK_PlusHW2.4 */ = {
			isa = PBXGroup;
			children = (
				2389EF3A2618B3DA00315159 /* Controllers */,
				2389EF392618B3C800315159 /* Views */,
				2376C4C42617421300822D22 /* AppDelegate.swift */,
				2376C4C62617421300822D22 /* SceneDelegate.swift */,
				2376C4CD2617421400822D22 /* Assets.xcassets */,
				2376C4CF2617421400822D22 /* LaunchScreen.storyboard */,
				2376C4D22617421400822D22 /* Info.plist */,
			);
			path = VK_PlusHW2.4;
			sourceTree = "<group>";
		};
		2377784726711B8D006B5BAF /* RealmModels */ = {
			isa = PBXGroup;
			children = (
				2377784826711BA8006B5BAF /* RealmUser.swift */,
				2377784F267141C5006B5BAF /* RealmUserPhoto.swift */,
				2373046326788FEF00E85113 /* RealmActiveGroups.swift */,
				237304682678CE5800E85113 /* RealmAllGroups.swift */,
			);
			path = RealmModels;
			sourceTree = "<group>";
		};
		2377A294265D5C6F00BC4A38 /* NetMethodsVK */ = {
			isa = PBXGroup;
			children = (
				2377A295265D5D1400BC4A38 /* PathOfMethodsVK.swift */,
				2377784C2671374B006B5BAF /*  RealmService.swift */,
			);
			path = NetMethodsVK;
			sourceTree = "<group>";
		};
		237DFA752667EF3F006B26D3 /* VKGroup */ = {
			isa = PBXGroup;
			children = (
				237DFA762667EF86006B26D3 /* ActiveAndFoundGroups.swift */,
				237DFA7D2667F9E7006B26D3 /* VKGroup.swift */,
			);
			path = VKGroup;
			sourceTree = "<group>";
		};
		238053C3265CF84200893AC0 /* NetworkService */ = {
			isa = PBXGroup;
			children = (
				2377A294265D5C6F00BC4A38 /* NetMethodsVK */,
				2377A298265D5D7900BC4A38 /* MainNetworkService.swift */,
				23D55DD426A4A63E005B7431 /* PhotoService.swift */,
			);
			path = NetworkService;
			sourceTree = "<group>";
		};
		23839E83261DFCDA008C7DE1 /* Reusable */ = {
			isa = PBXGroup;
			children = (
				2383850B262C9B4D00321095 /* NewsAvatarCell.swift */,
				238384FF262C7FF600321095 /* FriendAndGroupCell.swift */,
				2383850C262C9B4D00321095 /* NewsAvatarCell.xib */,
				23838500262C7FF600321095 /* FriendAndGroupCell.xib */,
				23838519262CB44300321095 /* NewsPhotoCell.swift */,
				2383851A262CB44400321095 /* NewsPhotoCell.xib */,
				2383851E262CC39100321095 /* NewsCommentCell.swift */,
				2383851F262CC39100321095 /* NewsCommentCell.xib */,
				23838523262CC56200321095 /* NewsLikesCell.swift */,
				23838524262CC56200321095 /* NewsLikesCell.xib */,
				239F1893262F5DF4009D0929 /* FriendAndGroupsAndNewsHeader.swift */,
				2364CFD02635CFFE00674049 /* FotoCollectionViewCell.swift */,
				23229C3A268C809E00A47FD2 /* NewsCollectionViewCell.swift */,
				23229C3B268C809E00A47FD2 /* NewsCollectionViewCell.xib */,
				2364CFD12635CFFE00674049 /* FotoCollectionViewCell.xib */,
				23F79DF226A94DBD00B09E9D /* NewsLikesCellSnapKit.swift */,
				23F79DF326A94DBD00B09E9D /* NewsLikesCellSnapKit.xib */,
				232015B726AD63E400583AC6 /* ShowMoreOrLessCell.swift */,
				232015B826AD63E400583AC6 /* ShowMoreOrLessCell.xib */,
			);
			path = Reusable;
			sourceTree = "<group>";
		};
		2389EF392618B3C800315159 /* Views */ = {
			isa = PBXGroup;
			children = (
				23839E83261DFCDA008C7DE1 /* Reusable */,
				2376C4CA2617421300822D22 /* Main.storyboard */,
			);
			path = Views;
			sourceTree = "<group>";
		};
		2389EF3A2618B3DA00315159 /* Controllers */ = {
			isa = PBXGroup;
			children = (
				2376C4C82617421300822D22 /* LoginPasswordController.swift */,
				236B9E0C264C2980006665D4 /* FriendsViewTableController.swift */,
				2305EC17261A2C4B00FB2E2D /* FriendInfoCollectionController.swift */,
				236B2660261E417500610508 /* ActiveGroupsTableController.swift */,
				23838510262C9E4E00321095 /* NewsTableViewController.swift */,
				236B2663261E418A00610508 /* AllGroupsTableController.swift */,
				236DC2D426332C420050DC65 /* AllPhotoOfFriendViewController.swift */,
				239A082A2639BC9900C917A6 /* NavigationControllerForAnimation.swift */,
				238053C4265CF89E00893AC0 /* VKLoginPasswordViewController.swift */,
			);
			path = Controllers;
			sourceTree = "<group>";
		};
		238D55E526642527005FDDE3 /* VKModels */ = {
			isa = PBXGroup;
			children = (
				2310A6BF268DE777006DAFFC /* VKNews */,
				237DFA752667EF3F006B26D3 /* VKGroup */,
				237638F82664E62000A4DD78 /* VKPhoto */,
				237638F72664E5F900A4DD78 /* VKFriends */,
				238D55EA266425AF005FDDE3 /* VKResponse.swift */,
				23326B262698BC2B00C005E9 /* VKResponseDecodable.swift */,
				2396CE80269DC9BF00AE1A00 /* VKResponseArray.swift */,
			);
			path = VKModels;
			sourceTree = "<group>";
		};
		2396CE7C269DB8EF00AE1A00 /* VKGroupsAndUsersOfNews */ = {
			isa = PBXGroup;
			children = (
				2396CE7D269DBDE200AE1A00 /* VKGroupsOfNews.swift */,
			);
			path = VKGroupsAndUsersOfNews;
			sourceTree = "<group>";
		};
		2396CE8E26A0749600AE1A00 /* VKNewsItems */ = {
			isa = PBXGroup;
			children = (
				2396CE78269DA42700AE1A00 /* VKNewsViews.swift */,
				2396CE75269DA3D500AE1A00 /* VKNewsReposts.swift */,
				2396CE72269DA35B00AE1A00 /* VKNewsLikes.swift */,
				2396CE6F269DA2F700AE1A00 /* VKNewsComments.swift */,
				23241C7B2691E5D6009740F3 /* VKNewsItems.swift */,
				2310A6C3268DEE27006DAFFC /* OneNews.swift */,
				2326BD8F269734B3005A151A /* VKNewsAttachments */,
				2396CE7C269DB8EF00AE1A00 /* VKGroupsAndUsersOfNews */,
			);
			path = VKNewsItems;
			sourceTree = "<group>";
		};
		2396CE8F26A074EC00AE1A00 /* VKNewsProfiles */ = {
			isa = PBXGroup;
			children = (
				2396CE8726A073A400AE1A00 /* VKNewsProfiles.swift */,
				2396CE9126A0752C00AE1A00 /* OneVKProfiles.swift */,
			);
			path = VKNewsProfiles;
			sourceTree = "<group>";
		};
		2396CE9026A0750400AE1A00 /* VKNewsGroups */ = {
			isa = PBXGroup;
			children = (
				2396CE8A26A073C800AE1A00 /* VKNewsGroups.swift */,
				2396CE9626A0764800AE1A00 /* OneVKGroup.swift */,
			);
			path = VKNewsGroups;
			sourceTree = "<group>";
		};
		239F188F262F4C66009D0929 /* CommonMetods */ = {
			isa = PBXGroup;
			children = (
				239F1890262F4C7D009D0929 /* CommonMetods.swift */,
			);
			path = CommonMetods;
			sourceTree = "<group>";
		};
		23BAB23426385ECE00DA4128 /* Animation */ = {
			isa = PBXGroup;
			children = (
				23BAB23526385EEA00DA4128 /* AnimationPopAndPush.swift */,
				239A082F2639C71300C917A6 /* AnimationPopForNavigator.swift */,
				236F738C263C98C7006A21EE /* AnimationCreateAndDestroyBigPhoto.swift */,
			);
			path = Animation;
			sourceTree = "<group>";
		};
		23F2551326C9812100FBE23F /* Patterns */ = {
			isa = PBXGroup;
			children = (
				2317F72C26CC2E060012AE85 /* SimpleFactory */,
				23156EB426CAA3F6008CEE76 /* Adapter */,
				23156EB326CAA3E9008CEE76 /* Flyweight */,
			);
			path = Patterns;
			sourceTree = "<group>";
		};
		6BAA621CEB7488AC1B3F5CCC /* Pods */ = {
			isa = PBXGroup;
			children = (
				AD20E4A1930B5F6F55A353A1 /* Pods-VK_PlusHW2.4.debug.xcconfig */,
				E9E5197FEDF259390DBA7831 /* Pods-VK_PlusHW2.4.release.xcconfig */,
			);
			path = Pods;
			sourceTree = "<group>";
		};
		A184E4386A384AA0ECE8C77A /* Frameworks */ = {
			isa = PBXGroup;
			children = (
				71AC2705F12893D7B68FBF9E /* Pods_VK_PlusHW2_4.framework */,
			);
			name = Frameworks;
			sourceTree = "<group>";
		};
/* End PBXGroup section */

/* Begin PBXNativeTarget section */
		2376C4C02617421300822D22 /* VK_PlusHW2.4 */ = {
			isa = PBXNativeTarget;
			buildConfigurationList = 2376C4D52617421400822D22 /* Build configuration list for PBXNativeTarget "VK_PlusHW2.4" */;
			buildPhases = (
				9501D0973C2AC2E146528A03 /* [CP] Check Pods Manifest.lock */,
				2376C4BD2617421300822D22 /* Sources */,
				2376C4BE2617421300822D22 /* Frameworks */,
				2376C4BF2617421300822D22 /* Resources */,
				516A87A76B6CCB3E5DCD9537 /* [CP] Embed Pods Frameworks */,
			);
			buildRules = (
			);
			dependencies = (
			);
			name = VK_PlusHW2.4;
			productName = VK_PlusHW1;
			productReference = 2376C4C12617421300822D22 /* VK_PlusHW2.4.app */;
			productType = "com.apple.product-type.application";
		};
/* End PBXNativeTarget section */

/* Begin PBXProject section */
		2376C4B92617421300822D22 /* Project object */ = {
			isa = PBXProject;
			attributes = {
				LastSwiftUpdateCheck = 1240;
				LastUpgradeCheck = 1240;
				TargetAttributes = {
					2376C4C02617421300822D22 = {
						CreatedOnToolsVersion = 12.4;
					};
				};
			};
			buildConfigurationList = 2376C4BC2617421300822D22 /* Build configuration list for PBXProject "VK_PlusHW2.4" */;
			compatibilityVersion = "Xcode 9.3";
			developmentRegion = en;
			hasScannedForEncodings = 0;
			knownRegions = (
				en,
				Base,
			);
			mainGroup = 2376C4B82617421300822D22;
			productRefGroup = 2376C4C22617421300822D22 /* Products */;
			projectDirPath = "";
			projectRoot = "";
			targets = (
				2376C4C02617421300822D22 /* VK_PlusHW2.4 */,
			);
		};
/* End PBXProject section */

/* Begin PBXResourcesBuildPhase section */
		2376C4BF2617421300822D22 /* Resources */ = {
			isa = PBXResourcesBuildPhase;
			buildActionMask = 2147483647;
			files = (
				2376C4D12617421400822D22 /* LaunchScreen.storyboard in Resources */,
				2376C4CE2617421400822D22 /* Assets.xcassets in Resources */,
				2383850E262C9B4D00321095 /* NewsAvatarCell.xib in Resources */,
				23229C3D268C809E00A47FD2 /* NewsCollectionViewCell.xib in Resources */,
				2376C4CC2617421300822D22 /* Main.storyboard in Resources */,
				23838521262CC39100321095 /* NewsCommentCell.xib in Resources */,
				23838502262C7FF600321095 /* FriendAndGroupCell.xib in Resources */,
				2383851C262CB44400321095 /* NewsPhotoCell.xib in Resources */,
				23F79DF526A94DBD00B09E9D /* NewsLikesCellSnapKit.xib in Resources */,
				232015BA26AD63E400583AC6 /* ShowMoreOrLessCell.xib in Resources */,
				2364CFD32635CFFE00674049 /* FotoCollectionViewCell.xib in Resources */,
				23838526262CC56200321095 /* NewsLikesCell.xib in Resources */,
			);
			runOnlyForDeploymentPostprocessing = 0;
		};
/* End PBXResourcesBuildPhase section */

/* Begin PBXShellScriptBuildPhase section */
		516A87A76B6CCB3E5DCD9537 /* [CP] Embed Pods Frameworks */ = {
			isa = PBXShellScriptBuildPhase;
			buildActionMask = 2147483647;
			files = (
			);
			inputFileListPaths = (
				"${PODS_ROOT}/Target Support Files/Pods-VK_PlusHW2.4/Pods-VK_PlusHW2.4-frameworks-${CONFIGURATION}-input-files.xcfilelist",
			);
			name = "[CP] Embed Pods Frameworks";
			outputFileListPaths = (
				"${PODS_ROOT}/Target Support Files/Pods-VK_PlusHW2.4/Pods-VK_PlusHW2.4-frameworks-${CONFIGURATION}-output-files.xcfilelist",
			);
			runOnlyForDeploymentPostprocessing = 0;
			shellPath = /bin/sh;
			shellScript = "\"${PODS_ROOT}/Target Support Files/Pods-VK_PlusHW2.4/Pods-VK_PlusHW2.4-frameworks.sh\"\n";
			showEnvVarsInLog = 0;
		};
		9501D0973C2AC2E146528A03 /* [CP] Check Pods Manifest.lock */ = {
			isa = PBXShellScriptBuildPhase;
			buildActionMask = 2147483647;
			files = (
			);
			inputFileListPaths = (
			);
			inputPaths = (
				"${PODS_PODFILE_DIR_PATH}/Podfile.lock",
				"${PODS_ROOT}/Manifest.lock",
			);
			name = "[CP] Check Pods Manifest.lock";
			outputFileListPaths = (
			);
			outputPaths = (
				"$(DERIVED_FILE_DIR)/Pods-VK_PlusHW2.4-checkManifestLockResult.txt",
			);
			runOnlyForDeploymentPostprocessing = 0;
			shellPath = /bin/sh;
			shellScript = "diff \"${PODS_PODFILE_DIR_PATH}/Podfile.lock\" \"${PODS_ROOT}/Manifest.lock\" > /dev/null\nif [ $? != 0 ] ; then\n    # print error to STDERR\n    echo \"error: The sandbox is not in sync with the Podfile.lock. Run 'pod install' or update your CocoaPods installation.\" >&2\n    exit 1\nfi\n# This output is used by Xcode 'outputs' to avoid re-running this script phase.\necho \"SUCCESS\" > \"${SCRIPT_OUTPUT_FILE_0}\"\n";
			showEnvVarsInLog = 0;
		};
/* End PBXShellScriptBuildPhase section */

/* Begin PBXSourcesBuildPhase section */
		2376C4BD2617421300822D22 /* Sources */ = {
			isa = PBXSourcesBuildPhase;
			buildActionMask = 2147483647;
			files = (
				23156EBA26CAA54E008CEE76 /* ModelAllGroupsForAdapter.swift in Sources */,
				23F79DF426A94DBD00B09E9D /* NewsLikesCellSnapKit.swift in Sources */,
				236B265E261E3CCC00610508 /* Group.swift in Sources */,
				2396CE9226A0752C00AE1A00 /* OneVKProfiles.swift in Sources */,
				2326BD9B26973C72005A151A /* VKNewsLink.swift in Sources */,
				2326BD98269739BB005A151A /* VKNewsAudio.swift in Sources */,
				236B026226236F760079A087 /* AvatarImage.swift in Sources */,
				238D55EE266425DB005FDDE3 /* VKFriends.swift in Sources */,
				23838520262CC39100321095 /* NewsCommentCell.swift in Sources */,
				238D55E726642557005FDDE3 /* VKUser.swift in Sources */,
				23A7C36026A4627D004F5084 /* ConvertAndSaveInRealmWithPromise.swift in Sources */,
				236B2661261E417500610508 /* ActiveGroupsTableController.swift in Sources */,
				2326BD9226973667005A151A /* SizeVKNewsPhoto.swift in Sources */,
				2310A6C4268DEE27006DAFFC /* OneNews.swift in Sources */,
				2396CE76269DA3D500AE1A00 /* VKNewsReposts.swift in Sources */,
				2376C4C92617421300822D22 /* LoginPasswordController.swift in Sources */,
				2383850D262C9B4D00321095 /* NewsAvatarCell.swift in Sources */,
				23838501262C7FF600321095 /* FriendAndGroupCell.swift in Sources */,
				236CE26226A206140036747F /* AsyncOperation.swift in Sources */,
				2373046426788FEF00E85113 /* RealmActiveGroups.swift in Sources */,
				2377A296265D5D1400BC4A38 /* PathOfMethodsVK.swift in Sources */,
				236CE28226A45B260036747F /* PromiseError.swift in Sources */,
				23838525262CC56200321095 /* NewsLikesCell.swift in Sources */,
				23241C7C2691E5D6009740F3 /* VKNewsItems.swift in Sources */,
				239A08302639C71300C917A6 /* AnimationPopForNavigator.swift in Sources */,
				2376C4C52617421300822D22 /* AppDelegate.swift in Sources */,
				236CE28526A45D380036747F /* GetDataInTypeVKFriendsWithPromise.swift in Sources */,
				2317F72E26CC3E0E0012AE85 /* NewsLikesViewModelFactory.swift in Sources */,
				239F1891262F4C7D009D0929 /* CommonMetods.swift in Sources */,
				236B026626236F9B0079A087 /* AvatarBackShadow.swift in Sources */,
				23326B272698BC2B00C005E9 /* VKResponseDecodable.swift in Sources */,
				237638FD2664E82900A4DD78 /* AllPhotoOfFriend.swift in Sources */,
				2396CE8B26A073C800AE1A00 /* VKNewsGroups.swift in Sources */,
				23BAB23626385EEA00DA4128 /* AnimationPopAndPush.swift in Sources */,
				2396CE8826A073A400AE1A00 /* VKNewsProfiles.swift in Sources */,
				2376C4C72617421300822D22 /* SceneDelegate.swift in Sources */,
				237DFA772667EF86006B26D3 /* ActiveAndFoundGroups.swift in Sources */,
				23156EB626CAA458008CEE76 /* LoadAllGroupsWithAdapter.swift in Sources */,
				2364CFD22635CFFE00674049 /* FotoCollectionViewCell.swift in Sources */,
				2326BDA4269741FB005A151A /* VKAttachmentLink.swift in Sources */,
				239A082B2639BC9900C917A6 /* NavigationControllerForAnimation.swift in Sources */,
				236B9E0D264C2980006665D4 /* FriendsViewTableController.swift in Sources */,
				232015B926AD63E400583AC6 /* ShowMoreOrLessCell.swift in Sources */,
				237304692678CE5800E85113 /* RealmAllGroups.swift in Sources */,
				237638FA2664E65A00A4DD78 /* OnePhoto.swift in Sources */,
				237DFA7E2667F9E7006B26D3 /* VKGroup.swift in Sources */,
				2396CE7E269DBDE200AE1A00 /* VKGroupsOfNews.swift in Sources */,
				2377784D2671374B006B5BAF /*  RealmService.swift in Sources */,
				23D55DD526A4A63E005B7431 /* PhotoService.swift in Sources */,
				236CE25E26A204330036747F /* GetPhotosOperation.swift in Sources */,
				2326BD9E26973FE9005A151A /* VKNewsVideo.swift in Sources */,
				2377784926711BA8006B5BAF /* RealmUser.swift in Sources */,
				2305EC18261A2C4B00FB2E2D /* FriendInfoCollectionController.swift in Sources */,
				239F1894262F5DF4009D0929 /* FriendAndGroupsAndNewsHeader.swift in Sources */,
				2317F73126CC3EA80012AE85 /* NewsLikesViewModel.swift in Sources */,
				23838516262CA75700321095 /* News.swift in Sources */,
				238D55EB266425AF005FDDE3 /* VKResponse.swift in Sources */,
				2396CE81269DC9BF00AE1A00 /* VKResponseArray.swift in Sources */,
				2326BDAA2697424F005A151A /* VKAttachmentVideo.swift in Sources */,
				23241C79268F1DBA009740F3 /* VKNewsPhoto.swift in Sources */,
				236CF9DF2653BD5B00C9DE63 /* DataAboutSession.swift in Sources */,
				23839E8B261E03D9008C7DE1 /* User.swift in Sources */,
				236DC2D526332C420050DC65 /* AllPhotoOfFriendViewController.swift in Sources */,
				2377A299265D5D7900BC4A38 /* MainNetworkService.swift in Sources */,
				23838511262C9E4E00321095 /* NewsTableViewController.swift in Sources */,
				2396CE73269DA35B00AE1A00 /* VKNewsLikes.swift in Sources */,
				236F738D263C98C7006A21EE /* AnimationCreateAndDestroyBigPhoto.swift in Sources */,
				236B2664261E418A00610508 /* AllGroupsTableController.swift in Sources */,
				2396CE9726A0764800AE1A00 /* OneVKGroup.swift in Sources */,
				23824AF8262DD74D00826E19 /* ViewController.swift in Sources */,
				23F2551526C9819300FBE23F /* FlyweightForCGPoint.swift in Sources */,
				232B4AED26AB332A00EF4BCC /* VKNextGroupOfNews.swift in Sources */,
				2326BDA726974228005A151A /* VKAttachmenkAudio.swift in Sources */,
				236CE26726A20A860036747F /* ParsingPhotosOperation.swift in Sources */,
				23777850267141C5006B5BAF /* RealmUserPhoto.swift in Sources */,
				236CE26B26A20BFF0036747F /* SavePhotoToRealmOperation.swift in Sources */,
				236CE26E26A20F120036747F /* ConvertInRealmTypeOperation.swift in Sources */,
				23229C3C268C809E00A47FD2 /* NewsCollectionViewCell.swift in Sources */,
				2396CE79269DA42700AE1A00 /* VKNewsViews.swift in Sources */,
				236D04A8261EC296005A62BC /* heightOfSell.swift in Sources */,
				23894E692649972200C6D5A2 /* QuickTransitionControl.swift in Sources */,
				238053C5265CF89E00893AC0 /* VKLoginPasswordViewController.swift in Sources */,
				2396CE70269DA2F700AE1A00 /* VKNewsComments.swift in Sources */,
				236CE27F26A45A8D0036747F /* GetUserFromNetWithPromise.swift in Sources */,
				2383851B262CB44400321095 /* NewsPhotoCell.swift in Sources */,
				2326BDA12697417C005A151A /* VKAttachmentPhoto.swift in Sources */,
				23241C75268F19EA009740F3 /* VKAttachmentCommon.swift in Sources */,
			);
			runOnlyForDeploymentPostprocessing = 0;
		};
/* End PBXSourcesBuildPhase section */

/* Begin PBXVariantGroup section */
		2376C4CA2617421300822D22 /* Main.storyboard */ = {
			isa = PBXVariantGroup;
			children = (
				2376C4CB2617421300822D22 /* Base */,
			);
			name = Main.storyboard;
			sourceTree = "<group>";
		};
		2376C4CF2617421400822D22 /* LaunchScreen.storyboard */ = {
			isa = PBXVariantGroup;
			children = (
				2376C4D02617421400822D22 /* Base */,
			);
			name = LaunchScreen.storyboard;
			sourceTree = "<group>";
		};
/* End PBXVariantGroup section */

/* Begin XCBuildConfiguration section */
		2376C4D32617421400822D22 /* Debug */ = {
			isa = XCBuildConfiguration;
			buildSettings = {
				ALWAYS_SEARCH_USER_PATHS = NO;
				CLANG_ANALYZER_NONNULL = YES;
				CLANG_ANALYZER_NUMBER_OBJECT_CONVERSION = YES_AGGRESSIVE;
				CLANG_CXX_LANGUAGE_STANDARD = "gnu++14";
				CLANG_CXX_LIBRARY = "libc++";
				CLANG_ENABLE_MODULES = YES;
				CLANG_ENABLE_OBJC_ARC = YES;
				CLANG_ENABLE_OBJC_WEAK = YES;
				CLANG_WARN_BLOCK_CAPTURE_AUTORELEASING = YES;
				CLANG_WARN_BOOL_CONVERSION = YES;
				CLANG_WARN_COMMA = YES;
				CLANG_WARN_CONSTANT_CONVERSION = YES;
				CLANG_WARN_DEPRECATED_OBJC_IMPLEMENTATIONS = YES;
				CLANG_WARN_DIRECT_OBJC_ISA_USAGE = YES_ERROR;
				CLANG_WARN_DOCUMENTATION_COMMENTS = YES;
				CLANG_WARN_EMPTY_BODY = YES;
				CLANG_WARN_ENUM_CONVERSION = YES;
				CLANG_WARN_INFINITE_RECURSION = YES;
				CLANG_WARN_INT_CONVERSION = YES;
				CLANG_WARN_NON_LITERAL_NULL_CONVERSION = YES;
				CLANG_WARN_OBJC_IMPLICIT_RETAIN_SELF = YES;
				CLANG_WARN_OBJC_LITERAL_CONVERSION = YES;
				CLANG_WARN_OBJC_ROOT_CLASS = YES_ERROR;
				CLANG_WARN_QUOTED_INCLUDE_IN_FRAMEWORK_HEADER = YES;
				CLANG_WARN_RANGE_LOOP_ANALYSIS = YES;
				CLANG_WARN_STRICT_PROTOTYPES = YES;
				CLANG_WARN_SUSPICIOUS_MOVE = YES;
				CLANG_WARN_UNGUARDED_AVAILABILITY = YES_AGGRESSIVE;
				CLANG_WARN_UNREACHABLE_CODE = YES;
				CLANG_WARN__DUPLICATE_METHOD_MATCH = YES;
				COPY_PHASE_STRIP = NO;
				DEBUG_INFORMATION_FORMAT = dwarf;
				ENABLE_STRICT_OBJC_MSGSEND = YES;
				ENABLE_TESTABILITY = YES;
				GCC_C_LANGUAGE_STANDARD = gnu11;
				GCC_DYNAMIC_NO_PIC = NO;
				GCC_NO_COMMON_BLOCKS = YES;
				GCC_OPTIMIZATION_LEVEL = 0;
				GCC_PREPROCESSOR_DEFINITIONS = (
					"DEBUG=1",
					"$(inherited)",
				);
				GCC_WARN_64_TO_32_BIT_CONVERSION = YES;
				GCC_WARN_ABOUT_RETURN_TYPE = YES_ERROR;
				GCC_WARN_UNDECLARED_SELECTOR = YES;
				GCC_WARN_UNINITIALIZED_AUTOS = YES_AGGRESSIVE;
				GCC_WARN_UNUSED_FUNCTION = YES;
				GCC_WARN_UNUSED_VARIABLE = YES;
				IPHONEOS_DEPLOYMENT_TARGET = 14.4;
				MTL_ENABLE_DEBUG_INFO = INCLUDE_SOURCE;
				MTL_FAST_MATH = YES;
				ONLY_ACTIVE_ARCH = YES;
				SDKROOT = iphoneos;
				SWIFT_ACTIVE_COMPILATION_CONDITIONS = DEBUG;
				SWIFT_OPTIMIZATION_LEVEL = "-Onone";
			};
			name = Debug;
		};
		2376C4D42617421400822D22 /* Release */ = {
			isa = XCBuildConfiguration;
			buildSettings = {
				ALWAYS_SEARCH_USER_PATHS = NO;
				CLANG_ANALYZER_NONNULL = YES;
				CLANG_ANALYZER_NUMBER_OBJECT_CONVERSION = YES_AGGRESSIVE;
				CLANG_CXX_LANGUAGE_STANDARD = "gnu++14";
				CLANG_CXX_LIBRARY = "libc++";
				CLANG_ENABLE_MODULES = YES;
				CLANG_ENABLE_OBJC_ARC = YES;
				CLANG_ENABLE_OBJC_WEAK = YES;
				CLANG_WARN_BLOCK_CAPTURE_AUTORELEASING = YES;
				CLANG_WARN_BOOL_CONVERSION = YES;
				CLANG_WARN_COMMA = YES;
				CLANG_WARN_CONSTANT_CONVERSION = YES;
				CLANG_WARN_DEPRECATED_OBJC_IMPLEMENTATIONS = YES;
				CLANG_WARN_DIRECT_OBJC_ISA_USAGE = YES_ERROR;
				CLANG_WARN_DOCUMENTATION_COMMENTS = YES;
				CLANG_WARN_EMPTY_BODY = YES;
				CLANG_WARN_ENUM_CONVERSION = YES;
				CLANG_WARN_INFINITE_RECURSION = YES;
				CLANG_WARN_INT_CONVERSION = YES;
				CLANG_WARN_NON_LITERAL_NULL_CONVERSION = YES;
				CLANG_WARN_OBJC_IMPLICIT_RETAIN_SELF = YES;
				CLANG_WARN_OBJC_LITERAL_CONVERSION = YES;
				CLANG_WARN_OBJC_ROOT_CLASS = YES_ERROR;
				CLANG_WARN_QUOTED_INCLUDE_IN_FRAMEWORK_HEADER = YES;
				CLANG_WARN_RANGE_LOOP_ANALYSIS = YES;
				CLANG_WARN_STRICT_PROTOTYPES = YES;
				CLANG_WARN_SUSPICIOUS_MOVE = YES;
				CLANG_WARN_UNGUARDED_AVAILABILITY = YES_AGGRESSIVE;
				CLANG_WARN_UNREACHABLE_CODE = YES;
				CLANG_WARN__DUPLICATE_METHOD_MATCH = YES;
				COPY_PHASE_STRIP = NO;
				DEBUG_INFORMATION_FORMAT = "dwarf-with-dsym";
				ENABLE_NS_ASSERTIONS = NO;
				ENABLE_STRICT_OBJC_MSGSEND = YES;
				GCC_C_LANGUAGE_STANDARD = gnu11;
				GCC_NO_COMMON_BLOCKS = YES;
				GCC_WARN_64_TO_32_BIT_CONVERSION = YES;
				GCC_WARN_ABOUT_RETURN_TYPE = YES_ERROR;
				GCC_WARN_UNDECLARED_SELECTOR = YES;
				GCC_WARN_UNINITIALIZED_AUTOS = YES_AGGRESSIVE;
				GCC_WARN_UNUSED_FUNCTION = YES;
				GCC_WARN_UNUSED_VARIABLE = YES;
				IPHONEOS_DEPLOYMENT_TARGET = 14.4;
				MTL_ENABLE_DEBUG_INFO = NO;
				MTL_FAST_MATH = YES;
				SDKROOT = iphoneos;
				SWIFT_COMPILATION_MODE = wholemodule;
				SWIFT_OPTIMIZATION_LEVEL = "-O";
				VALIDATE_PRODUCT = YES;
			};
			name = Release;
		};
		2376C4D62617421400822D22 /* Debug */ = {
			isa = XCBuildConfiguration;
			baseConfigurationReference = AD20E4A1930B5F6F55A353A1 /* Pods-VK_PlusHW2.4.debug.xcconfig */;
			buildSettings = {
				ASSETCATALOG_COMPILER_APPICON_NAME = AppIcon;
				ASSETCATALOG_COMPILER_GLOBAL_ACCENT_COLOR_NAME = AccentColor;
				CODE_SIGN_IDENTITY = "Apple Development";
				CODE_SIGN_STYLE = Automatic;
				DEVELOPMENT_TEAM = "";
				INFOPLIST_FILE = VK_PlusHW2.4/Info.plist;
				LD_RUNPATH_SEARCH_PATHS = (
					"$(inherited)",
					"@executable_path/Frameworks",
				);
				PRODUCT_BUNDLE_IDENTIFIER = "Eduard.VK-PlusHW2.4";
				PRODUCT_NAME = "$(TARGET_NAME)";
				PROVISIONING_PROFILE_SPECIFIER = "";
				SWIFT_VERSION = 5.0;
				TARGETED_DEVICE_FAMILY = "1,2";
			};
			name = Debug;
		};
		2376C4D72617421400822D22 /* Release */ = {
			isa = XCBuildConfiguration;
			baseConfigurationReference = E9E5197FEDF259390DBA7831 /* Pods-VK_PlusHW2.4.release.xcconfig */;
			buildSettings = {
				ASSETCATALOG_COMPILER_APPICON_NAME = AppIcon;
				ASSETCATALOG_COMPILER_GLOBAL_ACCENT_COLOR_NAME = AccentColor;
				CODE_SIGN_IDENTITY = "Apple Development";
				CODE_SIGN_STYLE = Automatic;
				DEVELOPMENT_TEAM = "";
				INFOPLIST_FILE = VK_PlusHW2.4/Info.plist;
				LD_RUNPATH_SEARCH_PATHS = (
					"$(inherited)",
					"@executable_path/Frameworks",
				);
				PRODUCT_BUNDLE_IDENTIFIER = "Eduard.VK-PlusHW2.4";
				PRODUCT_NAME = "$(TARGET_NAME)";
				PROVISIONING_PROFILE_SPECIFIER = "";
				SWIFT_VERSION = 5.0;
				TARGETED_DEVICE_FAMILY = "1,2";
			};
			name = Release;
		};
/* End XCBuildConfiguration section */

/* Begin XCConfigurationList section */
		2376C4BC2617421300822D22 /* Build configuration list for PBXProject "VK_PlusHW2.4" */ = {
			isa = XCConfigurationList;
			buildConfigurations = (
				2376C4D32617421400822D22 /* Debug */,
				2376C4D42617421400822D22 /* Release */,
			);
			defaultConfigurationIsVisible = 0;
			defaultConfigurationName = Release;
		};
		2376C4D52617421400822D22 /* Build configuration list for PBXNativeTarget "VK_PlusHW2.4" */ = {
			isa = XCConfigurationList;
			buildConfigurations = (
				2376C4D62617421400822D22 /* Debug */,
				2376C4D72617421400822D22 /* Release */,
			);
			defaultConfigurationIsVisible = 0;
			defaultConfigurationName = Release;
		};
/* End XCConfigurationList section */
	};
	rootObject = 2376C4B92617421300822D22 /* Project object */;
}
