// !$*UTF8*$!
{
	archiveVersion = 1;
	classes = {
	};
	objectVersion = 50;
	objects = {

/* Begin PBXBuildFile section */
		2305EC18261A2C4B00FB2E2D /* FriendInfoCollectionController.swift in Sources */ = {isa = PBXBuildFile; fileRef = 2305EC17261A2C4B00FB2E2D /* FriendInfoCollectionController.swift */; };
		2364CFD22635CFFE00674049 /* FotoCollectionViewCell.swift in Sources */ = {isa = PBXBuildFile; fileRef = 2364CFD02635CFFE00674049 /* FotoCollectionViewCell.swift */; };
		2364CFD32635CFFE00674049 /* FotoCollectionViewCell.xib in Resources */ = {isa = PBXBuildFile; fileRef = 2364CFD12635CFFE00674049 /* FotoCollectionViewCell.xib */; };
		236B026226236F760079A087 /* AvatarImage.swift in Sources */ = {isa = PBXBuildFile; fileRef = 236B026126236F760079A087 /* AvatarImage.swift */; };
		236B026626236F9B0079A087 /* AvatarBackShadow.swift in Sources */ = {isa = PBXBuildFile; fileRef = 236B026526236F9B0079A087 /* AvatarBackShadow.swift */; };
		236B265E261E3CCC00610508 /* Group.swift in Sources */ = {isa = PBXBuildFile; fileRef = 236B265D261E3CCC00610508 /* Group.swift */; };
		236B2661261E417500610508 /* ActiveGroupsTableController.swift in Sources */ = {isa = PBXBuildFile; fileRef = 236B2660261E417500610508 /* ActiveGroupsTableController.swift */; };
		236B2664261E418A00610508 /* AllGroupsTableController.swift in Sources */ = {isa = PBXBuildFile; fileRef = 236B2663261E418A00610508 /* AllGroupsTableController.swift */; };
		236B9E0D264C2980006665D4 /* FriendsViewTableController.swift in Sources */ = {isa = PBXBuildFile; fileRef = 236B9E0C264C2980006665D4 /* FriendsViewTableController.swift */; };
		236CF9DF2653BD5B00C9DE63 /* DataAboutSession.swift in Sources */ = {isa = PBXBuildFile; fileRef = 236CF9DE2653BD5B00C9DE63 /* DataAboutSession.swift */; };
		236D04A8261EC296005A62BC /* heightOfSell.swift in Sources */ = {isa = PBXBuildFile; fileRef = 236D04A7261EC296005A62BC /* heightOfSell.swift */; };
		236DC2D526332C420050DC65 /* AllPhotoOfFriendViewController.swift in Sources */ = {isa = PBXBuildFile; fileRef = 236DC2D426332C420050DC65 /* AllPhotoOfFriendViewController.swift */; };
		236F738D263C98C7006A21EE /* AnimationCreateAndDestroyBigPhoto.swift in Sources */ = {isa = PBXBuildFile; fileRef = 236F738C263C98C7006A21EE /* AnimationCreateAndDestroyBigPhoto.swift */; };
		237638FA2664E65A00A4DD78 /* OnePhoto.swift in Sources */ = {isa = PBXBuildFile; fileRef = 237638F92664E65A00A4DD78 /* OnePhoto.swift */; };
		237638FD2664E82900A4DD78 /* AllPhotoOfFriend.swift in Sources */ = {isa = PBXBuildFile; fileRef = 237638FC2664E82900A4DD78 /* AllPhotoOfFriend.swift */; };
		2376C4C52617421300822D22 /* AppDelegate.swift in Sources */ = {isa = PBXBuildFile; fileRef = 2376C4C42617421300822D22 /* AppDelegate.swift */; };
		2376C4C72617421300822D22 /* SceneDelegate.swift in Sources */ = {isa = PBXBuildFile; fileRef = 2376C4C62617421300822D22 /* SceneDelegate.swift */; };
		2376C4C92617421300822D22 /* LoginPasswordController.swift in Sources */ = {isa = PBXBuildFile; fileRef = 2376C4C82617421300822D22 /* LoginPasswordController.swift */; };
		2376C4CC2617421300822D22 /* Main.storyboard in Resources */ = {isa = PBXBuildFile; fileRef = 2376C4CA2617421300822D22 /* Main.storyboard */; };
		2376C4CE2617421400822D22 /* Assets.xcassets in Resources */ = {isa = PBXBuildFile; fileRef = 2376C4CD2617421400822D22 /* Assets.xcassets */; };
		2376C4D12617421400822D22 /* LaunchScreen.storyboard in Resources */ = {isa = PBXBuildFile; fileRef = 2376C4CF2617421400822D22 /* LaunchScreen.storyboard */; };
		2377A296265D5D1400BC4A38 /* PathOfMethodsVK.swift in Sources */ = {isa = PBXBuildFile; fileRef = 2377A295265D5D1400BC4A38 /* PathOfMethodsVK.swift */; };
		2377A299265D5D7900BC4A38 /* MainNetworkService.swift in Sources */ = {isa = PBXBuildFile; fileRef = 2377A298265D5D7900BC4A38 /* MainNetworkService.swift */; };
		237DFA772667EF86006B26D3 /* ActiveAndFoundGroups.swift in Sources */ = {isa = PBXBuildFile; fileRef = 237DFA762667EF86006B26D3 /* ActiveAndFoundGroups.swift */; };
		237DFA7E2667F9E7006B26D3 /* VKGroup.swift in Sources */ = {isa = PBXBuildFile; fileRef = 237DFA7D2667F9E7006B26D3 /* VKGroup.swift */; };
		238053C5265CF89E00893AC0 /* VKLoginPasswordViewController.swift in Sources */ = {isa = PBXBuildFile; fileRef = 238053C4265CF89E00893AC0 /* VKLoginPasswordViewController.swift */; };
		23824AF8262DD74D00826E19 /* ViewController.swift in Sources */ = {isa = PBXBuildFile; fileRef = 23824AF7262DD74D00826E19 /* ViewController.swift */; };
		23838501262C7FF600321095 /* FriendAndGroupCell.swift in Sources */ = {isa = PBXBuildFile; fileRef = 238384FF262C7FF600321095 /* FriendAndGroupCell.swift */; };
		23838502262C7FF600321095 /* FriendAndGroupCell.xib in Resources */ = {isa = PBXBuildFile; fileRef = 23838500262C7FF600321095 /* FriendAndGroupCell.xib */; };
		2383850D262C9B4D00321095 /* NewsAvatarCell.swift in Sources */ = {isa = PBXBuildFile; fileRef = 2383850B262C9B4D00321095 /* NewsAvatarCell.swift */; };
		2383850E262C9B4D00321095 /* NewsAvatarCell.xib in Resources */ = {isa = PBXBuildFile; fileRef = 2383850C262C9B4D00321095 /* NewsAvatarCell.xib */; };
		23838511262C9E4E00321095 /* NewsTableViewController.swift in Sources */ = {isa = PBXBuildFile; fileRef = 23838510262C9E4E00321095 /* NewsTableViewController.swift */; };
		23838516262CA75700321095 /* News.swift in Sources */ = {isa = PBXBuildFile; fileRef = 23838515262CA75700321095 /* News.swift */; };
		2383851B262CB44400321095 /* NewsPhotoCell.swift in Sources */ = {isa = PBXBuildFile; fileRef = 23838519262CB44300321095 /* NewsPhotoCell.swift */; };
		2383851C262CB44400321095 /* NewsPhotoCell.xib in Resources */ = {isa = PBXBuildFile; fileRef = 2383851A262CB44400321095 /* NewsPhotoCell.xib */; };
		23838520262CC39100321095 /* NewsCommentCell.swift in Sources */ = {isa = PBXBuildFile; fileRef = 2383851E262CC39100321095 /* NewsCommentCell.swift */; };
		23838521262CC39100321095 /* NewsCommentCell.xib in Resources */ = {isa = PBXBuildFile; fileRef = 2383851F262CC39100321095 /* NewsCommentCell.xib */; };
		23838525262CC56200321095 /* NewsLikesCell.swift in Sources */ = {isa = PBXBuildFile; fileRef = 23838523262CC56200321095 /* NewsLikesCell.swift */; };
		23838526262CC56200321095 /* NewsLikesCell.xib in Resources */ = {isa = PBXBuildFile; fileRef = 23838524262CC56200321095 /* NewsLikesCell.xib */; };
		23839E8B261E03D9008C7DE1 /* User.swift in Sources */ = {isa = PBXBuildFile; fileRef = 23839E8A261E03D9008C7DE1 /* User.swift */; };
		23894E692649972200C6D5A2 /* QuickTransitionControl.swift in Sources */ = {isa = PBXBuildFile; fileRef = 23894E682649972200C6D5A2 /* QuickTransitionControl.swift */; };
		238D55E726642557005FDDE3 /* VKUser.swift in Sources */ = {isa = PBXBuildFile; fileRef = 238D55E626642557005FDDE3 /* VKUser.swift */; };
		238D55EB266425AF005FDDE3 /* VKResponse.swift in Sources */ = {isa = PBXBuildFile; fileRef = 238D55EA266425AF005FDDE3 /* VKResponse.swift */; };
		238D55EE266425DB005FDDE3 /* VKFriends.swift in Sources */ = {isa = PBXBuildFile; fileRef = 238D55ED266425DB005FDDE3 /* VKFriends.swift */; };
		239A082B2639BC9900C917A6 /* NavigationControllerForAnimation.swift in Sources */ = {isa = PBXBuildFile; fileRef = 239A082A2639BC9900C917A6 /* NavigationControllerForAnimation.swift */; };
		239A08302639C71300C917A6 /* AnimationPopForNavigator.swift in Sources */ = {isa = PBXBuildFile; fileRef = 239A082F2639C71300C917A6 /* AnimationPopForNavigator.swift */; };
		239F1891262F4C7D009D0929 /* CommonMetods.swift in Sources */ = {isa = PBXBuildFile; fileRef = 239F1890262F4C7D009D0929 /* CommonMetods.swift */; };
		239F1894262F5DF4009D0929 /* FriendAndGroupsHeader.swift in Sources */ = {isa = PBXBuildFile; fileRef = 239F1893262F5DF4009D0929 /* FriendAndGroupsHeader.swift */; };
		23BAB23626385EEA00DA4128 /* AnimationPopAndPush.swift in Sources */ = {isa = PBXBuildFile; fileRef = 23BAB23526385EEA00DA4128 /* AnimationPopAndPush.swift */; };
/* End PBXBuildFile section */

/* Begin PBXFileReference section */
		2305EC17261A2C4B00FB2E2D /* FriendInfoCollectionController.swift */ = {isa = PBXFileReference; lastKnownFileType = sourcecode.swift; path = FriendInfoCollectionController.swift; sourceTree = "<group>"; };
		2364CFD02635CFFE00674049 /* FotoCollectionViewCell.swift */ = {isa = PBXFileReference; lastKnownFileType = sourcecode.swift; path = FotoCollectionViewCell.swift; sourceTree = "<group>"; };
		2364CFD12635CFFE00674049 /* FotoCollectionViewCell.xib */ = {isa = PBXFileReference; lastKnownFileType = file.xib; path = FotoCollectionViewCell.xib; sourceTree = "<group>"; };
		236B026126236F760079A087 /* AvatarImage.swift */ = {isa = PBXFileReference; lastKnownFileType = sourcecode.swift; path = AvatarImage.swift; sourceTree = "<group>"; };
		236B026526236F9B0079A087 /* AvatarBackShadow.swift */ = {isa = PBXFileReference; lastKnownFileType = sourcecode.swift; path = AvatarBackShadow.swift; sourceTree = "<group>"; };
		236B265D261E3CCC00610508 /* Group.swift */ = {isa = PBXFileReference; lastKnownFileType = sourcecode.swift; path = Group.swift; sourceTree = "<group>"; };
		236B2660261E417500610508 /* ActiveGroupsTableController.swift */ = {isa = PBXFileReference; lastKnownFileType = sourcecode.swift; path = ActiveGroupsTableController.swift; sourceTree = "<group>"; };
		236B2663261E418A00610508 /* AllGroupsTableController.swift */ = {isa = PBXFileReference; lastKnownFileType = sourcecode.swift; path = AllGroupsTableController.swift; sourceTree = "<group>"; };
		236B9E0C264C2980006665D4 /* FriendsViewTableController.swift */ = {isa = PBXFileReference; lastKnownFileType = sourcecode.swift; path = FriendsViewTableController.swift; sourceTree = "<group>"; };
		236CF9DE2653BD5B00C9DE63 /* DataAboutSession.swift */ = {isa = PBXFileReference; lastKnownFileType = sourcecode.swift; path = DataAboutSession.swift; sourceTree = "<group>"; };
		236D04A7261EC296005A62BC /* heightOfSell.swift */ = {isa = PBXFileReference; lastKnownFileType = sourcecode.swift; path = heightOfSell.swift; sourceTree = "<group>"; };
		236DC2D426332C420050DC65 /* AllPhotoOfFriendViewController.swift */ = {isa = PBXFileReference; lastKnownFileType = sourcecode.swift; path = AllPhotoOfFriendViewController.swift; sourceTree = "<group>"; };
		236F738C263C98C7006A21EE /* AnimationCreateAndDestroyBigPhoto.swift */ = {isa = PBXFileReference; lastKnownFileType = sourcecode.swift; path = AnimationCreateAndDestroyBigPhoto.swift; sourceTree = "<group>"; };
		237638F92664E65A00A4DD78 /* OnePhoto.swift */ = {isa = PBXFileReference; lastKnownFileType = sourcecode.swift; path = OnePhoto.swift; sourceTree = "<group>"; };
		237638FC2664E82900A4DD78 /* AllPhotoOfFriend.swift */ = {isa = PBXFileReference; lastKnownFileType = sourcecode.swift; path = AllPhotoOfFriend.swift; sourceTree = "<group>"; };
		2376C4C12617421300822D22 /* VK_PlusHW2.3.app */ = {isa = PBXFileReference; explicitFileType = wrapper.application; includeInIndex = 0; path = VK_PlusHW2.3.app; sourceTree = BUILT_PRODUCTS_DIR; };
		2376C4C42617421300822D22 /* AppDelegate.swift */ = {isa = PBXFileReference; lastKnownFileType = sourcecode.swift; path = AppDelegate.swift; sourceTree = "<group>"; };
		2376C4C62617421300822D22 /* SceneDelegate.swift */ = {isa = PBXFileReference; lastKnownFileType = sourcecode.swift; path = SceneDelegate.swift; sourceTree = "<group>"; };
		2376C4C82617421300822D22 /* LoginPasswordController.swift */ = {isa = PBXFileReference; lastKnownFileType = sourcecode.swift; path = LoginPasswordController.swift; sourceTree = "<group>"; };
		2376C4CB2617421300822D22 /* Base */ = {isa = PBXFileReference; lastKnownFileType = file.storyboard; name = Base; path = Base.lproj/Main.storyboard; sourceTree = "<group>"; };
		2376C4CD2617421400822D22 /* Assets.xcassets */ = {isa = PBXFileReference; lastKnownFileType = folder.assetcatalog; path = Assets.xcassets; sourceTree = "<group>"; };
		2376C4D02617421400822D22 /* Base */ = {isa = PBXFileReference; lastKnownFileType = file.storyboard; name = Base; path = Base.lproj/LaunchScreen.storyboard; sourceTree = "<group>"; };
		2376C4D22617421400822D22 /* Info.plist */ = {isa = PBXFileReference; lastKnownFileType = text.plist.xml; path = Info.plist; sourceTree = "<group>"; };
		2377A295265D5D1400BC4A38 /* PathOfMethodsVK.swift */ = {isa = PBXFileReference; lastKnownFileType = sourcecode.swift; path = PathOfMethodsVK.swift; sourceTree = "<group>"; };
		2377A298265D5D7900BC4A38 /* MainNetworkService.swift */ = {isa = PBXFileReference; lastKnownFileType = sourcecode.swift; path = MainNetworkService.swift; sourceTree = "<group>"; };
		237DFA762667EF86006B26D3 /* ActiveAndFoundGroups.swift */ = {isa = PBXFileReference; lastKnownFileType = sourcecode.swift; path = ActiveAndFoundGroups.swift; sourceTree = "<group>"; };
		237DFA7D2667F9E7006B26D3 /* VKGroup.swift */ = {isa = PBXFileReference; lastKnownFileType = sourcecode.swift; path = VKGroup.swift; sourceTree = "<group>"; };
		238053C4265CF89E00893AC0 /* VKLoginPasswordViewController.swift */ = {isa = PBXFileReference; lastKnownFileType = sourcecode.swift; path = VKLoginPasswordViewController.swift; sourceTree = "<group>"; };
		23824AF7262DD74D00826E19 /* ViewController.swift */ = {isa = PBXFileReference; lastKnownFileType = sourcecode.swift; path = ViewController.swift; sourceTree = "<group>"; };
		238384FF262C7FF600321095 /* FriendAndGroupCell.swift */ = {isa = PBXFileReference; lastKnownFileType = sourcecode.swift; path = FriendAndGroupCell.swift; sourceTree = "<group>"; };
		23838500262C7FF600321095 /* FriendAndGroupCell.xib */ = {isa = PBXFileReference; lastKnownFileType = file.xib; path = FriendAndGroupCell.xib; sourceTree = "<group>"; };
		2383850B262C9B4D00321095 /* NewsAvatarCell.swift */ = {isa = PBXFileReference; lastKnownFileType = sourcecode.swift; path = NewsAvatarCell.swift; sourceTree = "<group>"; };
		2383850C262C9B4D00321095 /* NewsAvatarCell.xib */ = {isa = PBXFileReference; lastKnownFileType = file.xib; path = NewsAvatarCell.xib; sourceTree = "<group>"; };
		23838510262C9E4E00321095 /* NewsTableViewController.swift */ = {isa = PBXFileReference; lastKnownFileType = sourcecode.swift; path = NewsTableViewController.swift; sourceTree = "<group>"; };
		23838515262CA75700321095 /* News.swift */ = {isa = PBXFileReference; lastKnownFileType = sourcecode.swift; path = News.swift; sourceTree = "<group>"; };
		23838519262CB44300321095 /* NewsPhotoCell.swift */ = {isa = PBXFileReference; lastKnownFileType = sourcecode.swift; path = NewsPhotoCell.swift; sourceTree = "<group>"; };
		2383851A262CB44400321095 /* NewsPhotoCell.xib */ = {isa = PBXFileReference; lastKnownFileType = file.xib; path = NewsPhotoCell.xib; sourceTree = "<group>"; };
		2383851E262CC39100321095 /* NewsCommentCell.swift */ = {isa = PBXFileReference; lastKnownFileType = sourcecode.swift; path = NewsCommentCell.swift; sourceTree = "<group>"; };
		2383851F262CC39100321095 /* NewsCommentCell.xib */ = {isa = PBXFileReference; lastKnownFileType = file.xib; path = NewsCommentCell.xib; sourceTree = "<group>"; };
		23838523262CC56200321095 /* NewsLikesCell.swift */ = {isa = PBXFileReference; lastKnownFileType = sourcecode.swift; path = NewsLikesCell.swift; sourceTree = "<group>"; };
		23838524262CC56200321095 /* NewsLikesCell.xib */ = {isa = PBXFileReference; lastKnownFileType = file.xib; path = NewsLikesCell.xib; sourceTree = "<group>"; };
		23839E8A261E03D9008C7DE1 /* User.swift */ = {isa = PBXFileReference; lastKnownFileType = sourcecode.swift; path = User.swift; sourceTree = "<group>"; };
		23894E682649972200C6D5A2 /* QuickTransitionControl.swift */ = {isa = PBXFileReference; lastKnownFileType = sourcecode.swift; path = QuickTransitionControl.swift; sourceTree = "<group>"; };
		238D55E626642557005FDDE3 /* VKUser.swift */ = {isa = PBXFileReference; lastKnownFileType = sourcecode.swift; path = VKUser.swift; sourceTree = "<group>"; };
		238D55EA266425AF005FDDE3 /* VKResponse.swift */ = {isa = PBXFileReference; lastKnownFileType = sourcecode.swift; path = VKResponse.swift; sourceTree = "<group>"; };
		238D55ED266425DB005FDDE3 /* VKFriends.swift */ = {isa = PBXFileReference; lastKnownFileType = sourcecode.swift; path = VKFriends.swift; sourceTree = "<group>"; };
		239A082A2639BC9900C917A6 /* NavigationControllerForAnimation.swift */ = {isa = PBXFileReference; lastKnownFileType = sourcecode.swift; path = NavigationControllerForAnimation.swift; sourceTree = "<group>"; };
		239A082F2639C71300C917A6 /* AnimationPopForNavigator.swift */ = {isa = PBXFileReference; lastKnownFileType = sourcecode.swift; path = AnimationPopForNavigator.swift; sourceTree = "<group>"; };
		239F1890262F4C7D009D0929 /* CommonMetods.swift */ = {isa = PBXFileReference; lastKnownFileType = sourcecode.swift; path = CommonMetods.swift; sourceTree = "<group>"; };
		239F1893262F5DF4009D0929 /* FriendAndGroupsHeader.swift */ = {isa = PBXFileReference; lastKnownFileType = sourcecode.swift; path = FriendAndGroupsHeader.swift; sourceTree = "<group>"; };
		23BAB23526385EEA00DA4128 /* AnimationPopAndPush.swift */ = {isa = PBXFileReference; lastKnownFileType = sourcecode.swift; path = AnimationPopAndPush.swift; sourceTree = "<group>"; };
/* End PBXFileReference section */

/* Begin PBXFrameworksBuildPhase section */
		2376C4BE2617421300822D22 /* Frameworks */ = {
			isa = PBXFrameworksBuildPhase;
			buildActionMask = 2147483647;
			files = (
			);
			runOnlyForDeploymentPostprocessing = 0;
		};
/* End PBXFrameworksBuildPhase section */

/* Begin PBXGroup section */
		236B026026236E530079A087 /* Graphics */ = {
			isa = PBXGroup;
			children = (
				236B026126236F760079A087 /* AvatarImage.swift */,
				236B026526236F9B0079A087 /* AvatarBackShadow.swift */,
				23824AF7262DD74D00826E19 /* ViewController.swift */,
				23894E682649972200C6D5A2 /* QuickTransitionControl.swift */,
			);
			path = Graphics;
			sourceTree = "<group>";
		};
		236B265B261E3CAB00610508 /* Model */ = {
			isa = PBXGroup;
			children = (
				238D55E526642527005FDDE3 /* VKModels */,
				23839E8A261E03D9008C7DE1 /* User.swift */,
				236B265D261E3CCC00610508 /* Group.swift */,
				236D04A7261EC296005A62BC /* heightOfSell.swift */,
				23838515262CA75700321095 /* News.swift */,
				236CF9DE2653BD5B00C9DE63 /* DataAboutSession.swift */,
			);
			path = Model;
			sourceTree = "<group>";
		};
		237638F72664E5F900A4DD78 /* VKFriends */ = {
			isa = PBXGroup;
			children = (
				238D55ED266425DB005FDDE3 /* VKFriends.swift */,
				238D55E626642557005FDDE3 /* VKUser.swift */,
			);
			path = VKFriends;
			sourceTree = "<group>";
		};
		237638F82664E62000A4DD78 /* VKPhoto */ = {
			isa = PBXGroup;
			children = (
				237638F92664E65A00A4DD78 /* OnePhoto.swift */,
				237638FC2664E82900A4DD78 /* AllPhotoOfFriend.swift */,
			);
			path = VKPhoto;
			sourceTree = "<group>";
		};
		2376C4B82617421300822D22 = {
			isa = PBXGroup;
			children = (
				238053C3265CF84200893AC0 /* NetworkService */,
				23BAB23426385ECE00DA4128 /* Animation */,
				239F188F262F4C66009D0929 /* CommonMetods */,
				236B026026236E530079A087 /* Graphics */,
				236B265B261E3CAB00610508 /* Model */,
				2376C4C32617421300822D22 /* VK_PlusHW2.3 */,
				2376C4C22617421300822D22 /* Products */,
			);
			sourceTree = "<group>";
		};
		2376C4C22617421300822D22 /* Products */ = {
			isa = PBXGroup;
			children = (
				2376C4C12617421300822D22 /* VK_PlusHW2.3.app */,
			);
			name = Products;
			sourceTree = "<group>";
		};
		2376C4C32617421300822D22 /* VK_PlusHW2.3 */ = {
			isa = PBXGroup;
			children = (
				2389EF3A2618B3DA00315159 /* Controllers */,
				2389EF392618B3C800315159 /* Views */,
				2376C4C42617421300822D22 /* AppDelegate.swift */,
				2376C4C62617421300822D22 /* SceneDelegate.swift */,
				2376C4CD2617421400822D22 /* Assets.xcassets */,
				2376C4CF2617421400822D22 /* LaunchScreen.storyboard */,
				2376C4D22617421400822D22 /* Info.plist */,
			);
			path = VK_PlusHW2.3;
			sourceTree = "<group>";
		};
		2377A294265D5C6F00BC4A38 /* NetMethodsVK */ = {
			isa = PBXGroup;
			children = (
				2377A295265D5D1400BC4A38 /* PathOfMethodsVK.swift */,
			);
			path = NetMethodsVK;
			sourceTree = "<group>";
		};
		237DFA752667EF3F006B26D3 /* VKGroup */ = {
			isa = PBXGroup;
			children = (
				237DFA762667EF86006B26D3 /* ActiveAndFoundGroups.swift */,
				237DFA7D2667F9E7006B26D3 /* VKGroup.swift */,
			);
			path = VKGroup;
			sourceTree = "<group>";
		};
		238053C3265CF84200893AC0 /* NetworkService */ = {
			isa = PBXGroup;
			children = (
				2377A294265D5C6F00BC4A38 /* NetMethodsVK */,
				2377A298265D5D7900BC4A38 /* MainNetworkService.swift */,
			);
			path = NetworkService;
			sourceTree = "<group>";
		};
		23839E83261DFCDA008C7DE1 /* Reusable */ = {
			isa = PBXGroup;
			children = (
				238384FF262C7FF600321095 /* FriendAndGroupCell.swift */,
				2383850C262C9B4D00321095 /* NewsAvatarCell.xib */,
				23838500262C7FF600321095 /* FriendAndGroupCell.xib */,
				23838519262CB44300321095 /* NewsPhotoCell.swift */,
				2383851A262CB44400321095 /* NewsPhotoCell.xib */,
				2383851E262CC39100321095 /* NewsCommentCell.swift */,
				2383851F262CC39100321095 /* NewsCommentCell.xib */,
				23838523262CC56200321095 /* NewsLikesCell.swift */,
				23838524262CC56200321095 /* NewsLikesCell.xib */,
				239F1893262F5DF4009D0929 /* FriendAndGroupsHeader.swift */,
				2364CFD02635CFFE00674049 /* FotoCollectionViewCell.swift */,
				2364CFD12635CFFE00674049 /* FotoCollectionViewCell.xib */,
			);
			path = Reusable;
			sourceTree = "<group>";
		};
		2389EF392618B3C800315159 /* Views */ = {
			isa = PBXGroup;
			children = (
				23839E83261DFCDA008C7DE1 /* Reusable */,
				2376C4CA2617421300822D22 /* Main.storyboard */,
			);
			path = Views;
			sourceTree = "<group>";
		};
		2389EF3A2618B3DA00315159 /* Controllers */ = {
			isa = PBXGroup;
			children = (
				2376C4C82617421300822D22 /* LoginPasswordController.swift */,
				236B9E0C264C2980006665D4 /* FriendsViewTableController.swift */,
				2305EC17261A2C4B00FB2E2D /* FriendInfoCollectionController.swift */,
				236B2660261E417500610508 /* ActiveGroupsTableController.swift */,
				23838510262C9E4E00321095 /* NewsTableViewController.swift */,
				236B2663261E418A00610508 /* AllGroupsTableController.swift */,
				236DC2D426332C420050DC65 /* AllPhotoOfFriendViewController.swift */,
				2383850B262C9B4D00321095 /* NewsAvatarCell.swift */,
				239A082A2639BC9900C917A6 /* NavigationControllerForAnimation.swift */,
				238053C4265CF89E00893AC0 /* VKLoginPasswordViewController.swift */,
			);
			path = Controllers;
			sourceTree = "<group>";
		};
		238D55E526642527005FDDE3 /* VKModels */ = {
			isa = PBXGroup;
			children = (
				237DFA752667EF3F006B26D3 /* VKGroup */,
				237638F82664E62000A4DD78 /* VKPhoto */,
				237638F72664E5F900A4DD78 /* VKFriends */,
				238D55EA266425AF005FDDE3 /* VKResponse.swift */,
			);
			path = VKModels;
			sourceTree = "<group>";
		};
		239F188F262F4C66009D0929 /* CommonMetods */ = {
			isa = PBXGroup;
			children = (
				239F1890262F4C7D009D0929 /* CommonMetods.swift */,
			);
			path = CommonMetods;
			sourceTree = "<group>";
		};
		23BAB23426385ECE00DA4128 /* Animation */ = {
			isa = PBXGroup;
			children = (
				23BAB23526385EEA00DA4128 /* AnimationPopAndPush.swift */,
				239A082F2639C71300C917A6 /* AnimationPopForNavigator.swift */,
				236F738C263C98C7006A21EE /* AnimationCreateAndDestroyBigPhoto.swift */,
			);
			path = Animation;
			sourceTree = "<group>";
		};
/* End PBXGroup section */

/* Begin PBXNativeTarget section */
		2376C4C02617421300822D22 /* VK_PlusHW2.3 */ = {
			isa = PBXNativeTarget;
			buildConfigurationList = 2376C4D52617421400822D22 /* Build configuration list for PBXNativeTarget "VK_PlusHW2.3" */;
			buildPhases = (
				2376C4BD2617421300822D22 /* Sources */,
				2376C4BE2617421300822D22 /* Frameworks */,
				2376C4BF2617421300822D22 /* Resources */,
			);
			buildRules = (
			);
			dependencies = (
			);
			name = VK_PlusHW2.3;
			productName = VK_PlusHW1;
			productReference = 2376C4C12617421300822D22 /* VK_PlusHW2.3.app */;
			productType = "com.apple.product-type.application";
		};
/* End PBXNativeTarget section */

/* Begin PBXProject section */
		2376C4B92617421300822D22 /* Project object */ = {
			isa = PBXProject;
			attributes = {
				LastSwiftUpdateCheck = 1240;
				LastUpgradeCheck = 1240;
				TargetAttributes = {
					2376C4C02617421300822D22 = {
						CreatedOnToolsVersion = 12.4;
					};
				};
			};
			buildConfigurationList = 2376C4BC2617421300822D22 /* Build configuration list for PBXProject "VK_PlusHW2.3" */;
			compatibilityVersion = "Xcode 9.3";
			developmentRegion = en;
			hasScannedForEncodings = 0;
			knownRegions = (
				en,
				Base,
			);
			mainGroup = 2376C4B82617421300822D22;
			productRefGroup = 2376C4C22617421300822D22 /* Products */;
			projectDirPath = "";
			projectRoot = "";
			targets = (
				2376C4C02617421300822D22 /* VK_PlusHW2.3 */,
			);
		};
/* End PBXProject section */

/* Begin PBXResourcesBuildPhase section */
		2376C4BF2617421300822D22 /* Resources */ = {
			isa = PBXResourcesBuildPhase;
			buildActionMask = 2147483647;
			files = (
				2376C4D12617421400822D22 /* LaunchScreen.storyboard in Resources */,
				2376C4CE2617421400822D22 /* Assets.xcassets in Resources */,
				2383850E262C9B4D00321095 /* NewsAvatarCell.xib in Resources */,
				2376C4CC2617421300822D22 /* Main.storyboard in Resources */,
				23838521262CC39100321095 /* NewsCommentCell.xib in Resources */,
				23838502262C7FF600321095 /* FriendAndGroupCell.xib in Resources */,
				2383851C262CB44400321095 /* NewsPhotoCell.xib in Resources */,
				2364CFD32635CFFE00674049 /* FotoCollectionViewCell.xib in Resources */,
				23838526262CC56200321095 /* NewsLikesCell.xib in Resources */,
			);
			runOnlyForDeploymentPostprocessing = 0;
		};
/* End PBXResourcesBuildPhase section */

/* Begin PBXSourcesBuildPhase section */
		2376C4BD2617421300822D22 /* Sources */ = {
			isa = PBXSourcesBuildPhase;
			buildActionMask = 2147483647;
			files = (
				236B265E261E3CCC00610508 /* Group.swift in Sources */,
				236B026226236F760079A087 /* AvatarImage.swift in Sources */,
				238D55EE266425DB005FDDE3 /* VKFriends.swift in Sources */,
				23838520262CC39100321095 /* NewsCommentCell.swift in Sources */,
				238D55E726642557005FDDE3 /* VKUser.swift in Sources */,
				236B2661261E417500610508 /* ActiveGroupsTableController.swift in Sources */,
				2376C4C92617421300822D22 /* LoginPasswordController.swift in Sources */,
				2383850D262C9B4D00321095 /* NewsAvatarCell.swift in Sources */,
				23838501262C7FF600321095 /* FriendAndGroupCell.swift in Sources */,
				2377A296265D5D1400BC4A38 /* PathOfMethodsVK.swift in Sources */,
				23838525262CC56200321095 /* NewsLikesCell.swift in Sources */,
				239A08302639C71300C917A6 /* AnimationPopForNavigator.swift in Sources */,
				2376C4C52617421300822D22 /* AppDelegate.swift in Sources */,
				239F1891262F4C7D009D0929 /* CommonMetods.swift in Sources */,
				236B026626236F9B0079A087 /* AvatarBackShadow.swift in Sources */,
				237638FD2664E82900A4DD78 /* AllPhotoOfFriend.swift in Sources */,
				23BAB23626385EEA00DA4128 /* AnimationPopAndPush.swift in Sources */,
				2376C4C72617421300822D22 /* SceneDelegate.swift in Sources */,
				237DFA772667EF86006B26D3 /* ActiveAndFoundGroups.swift in Sources */,
				2364CFD22635CFFE00674049 /* FotoCollectionViewCell.swift in Sources */,
				239A082B2639BC9900C917A6 /* NavigationControllerForAnimation.swift in Sources */,
				236B9E0D264C2980006665D4 /* FriendsViewTableController.swift in Sources */,
				237638FA2664E65A00A4DD78 /* OnePhoto.swift in Sources */,
				237DFA7E2667F9E7006B26D3 /* VKGroup.swift in Sources */,
				2305EC18261A2C4B00FB2E2D /* FriendInfoCollectionController.swift in Sources */,
				239F1894262F5DF4009D0929 /* FriendAndGroupsHeader.swift in Sources */,
				23838516262CA75700321095 /* News.swift in Sources */,
				238D55EB266425AF005FDDE3 /* VKResponse.swift in Sources */,
				236CF9DF2653BD5B00C9DE63 /* DataAboutSession.swift in Sources */,
				23839E8B261E03D9008C7DE1 /* User.swift in Sources */,
				236DC2D526332C420050DC65 /* AllPhotoOfFriendViewController.swift in Sources */,
				2377A299265D5D7900BC4A38 /* MainNetworkService.swift in Sources */,
				23838511262C9E4E00321095 /* NewsTableViewController.swift in Sources */,
				236F738D263C98C7006A21EE /* AnimationCreateAndDestroyBigPhoto.swift in Sources */,
				236B2664261E418A00610508 /* AllGroupsTableController.swift in Sources */,
				23824AF8262DD74D00826E19 /* ViewController.swift in Sources */,
				236D04A8261EC296005A62BC /* heightOfSell.swift in Sources */,
				23894E692649972200C6D5A2 /* QuickTransitionControl.swift in Sources */,
				238053C5265CF89E00893AC0 /* VKLoginPasswordViewController.swift in Sources */,
				2383851B262CB44400321095 /* NewsPhotoCell.swift in Sources */,
			);
			runOnlyForDeploymentPostprocessing = 0;
		};
/* End PBXSourcesBuildPhase section */

/* Begin PBXVariantGroup section */
		2376C4CA2617421300822D22 /* Main.storyboard */ = {
			isa = PBXVariantGroup;
			children = (
				2376C4CB2617421300822D22 /* Base */,
			);
			name = Main.storyboard;
			sourceTree = "<group>";
		};
		2376C4CF2617421400822D22 /* LaunchScreen.storyboard */ = {
			isa = PBXVariantGroup;
			children = (
				2376C4D02617421400822D22 /* Base */,
			);
			name = LaunchScreen.storyboard;
			sourceTree = "<group>";
		};
/* End PBXVariantGroup section */

/* Begin XCBuildConfiguration section */
		2376C4D32617421400822D22 /* Debug */ = {
			isa = XCBuildConfiguration;
			buildSettings = {
				ALWAYS_SEARCH_USER_PATHS = NO;
				CLANG_ANALYZER_NONNULL = YES;
				CLANG_ANALYZER_NUMBER_OBJECT_CONVERSION = YES_AGGRESSIVE;
				CLANG_CXX_LANGUAGE_STANDARD = "gnu++14";
				CLANG_CXX_LIBRARY = "libc++";
				CLANG_ENABLE_MODULES = YES;
				CLANG_ENABLE_OBJC_ARC = YES;
				CLANG_ENABLE_OBJC_WEAK = YES;
				CLANG_WARN_BLOCK_CAPTURE_AUTORELEASING = YES;
				CLANG_WARN_BOOL_CONVERSION = YES;
				CLANG_WARN_COMMA = YES;
				CLANG_WARN_CONSTANT_CONVERSION = YES;
				CLANG_WARN_DEPRECATED_OBJC_IMPLEMENTATIONS = YES;
				CLANG_WARN_DIRECT_OBJC_ISA_USAGE = YES_ERROR;
				CLANG_WARN_DOCUMENTATION_COMMENTS = YES;
				CLANG_WARN_EMPTY_BODY = YES;
				CLANG_WARN_ENUM_CONVERSION = YES;
				CLANG_WARN_INFINITE_RECURSION = YES;
				CLANG_WARN_INT_CONVERSION = YES;
				CLANG_WARN_NON_LITERAL_NULL_CONVERSION = YES;
				CLANG_WARN_OBJC_IMPLICIT_RETAIN_SELF = YES;
				CLANG_WARN_OBJC_LITERAL_CONVERSION = YES;
				CLANG_WARN_OBJC_ROOT_CLASS = YES_ERROR;
				CLANG_WARN_QUOTED_INCLUDE_IN_FRAMEWORK_HEADER = YES;
				CLANG_WARN_RANGE_LOOP_ANALYSIS = YES;
				CLANG_WARN_STRICT_PROTOTYPES = YES;
				CLANG_WARN_SUSPICIOUS_MOVE = YES;
				CLANG_WARN_UNGUARDED_AVAILABILITY = YES_AGGRESSIVE;
				CLANG_WARN_UNREACHABLE_CODE = YES;
				CLANG_WARN__DUPLICATE_METHOD_MATCH = YES;
				COPY_PHASE_STRIP = NO;
				DEBUG_INFORMATION_FORMAT = dwarf;
				ENABLE_STRICT_OBJC_MSGSEND = YES;
				ENABLE_TESTABILITY = YES;
				GCC_C_LANGUAGE_STANDARD = gnu11;
				GCC_DYNAMIC_NO_PIC = NO;
				GCC_NO_COMMON_BLOCKS = YES;
				GCC_OPTIMIZATION_LEVEL = 0;
				GCC_PREPROCESSOR_DEFINITIONS = (
					"DEBUG=1",
					"$(inherited)",
				);
				GCC_WARN_64_TO_32_BIT_CONVERSION = YES;
				GCC_WARN_ABOUT_RETURN_TYPE = YES_ERROR;
				GCC_WARN_UNDECLARED_SELECTOR = YES;
				GCC_WARN_UNINITIALIZED_AUTOS = YES_AGGRESSIVE;
				GCC_WARN_UNUSED_FUNCTION = YES;
				GCC_WARN_UNUSED_VARIABLE = YES;
				IPHONEOS_DEPLOYMENT_TARGET = 14.4;
				MTL_ENABLE_DEBUG_INFO = INCLUDE_SOURCE;
				MTL_FAST_MATH = YES;
				ONLY_ACTIVE_ARCH = YES;
				SDKROOT = iphoneos;
				SWIFT_ACTIVE_COMPILATION_CONDITIONS = DEBUG;
				SWIFT_OPTIMIZATION_LEVEL = "-Onone";
			};
			name = Debug;
		};
		2376C4D42617421400822D22 /* Release */ = {
			isa = XCBuildConfiguration;
			buildSettings = {
				ALWAYS_SEARCH_USER_PATHS = NO;
				CLANG_ANALYZER_NONNULL = YES;
				CLANG_ANALYZER_NUMBER_OBJECT_CONVERSION = YES_AGGRESSIVE;
				CLANG_CXX_LANGUAGE_STANDARD = "gnu++14";
				CLANG_CXX_LIBRARY = "libc++";
				CLANG_ENABLE_MODULES = YES;
				CLANG_ENABLE_OBJC_ARC = YES;
				CLANG_ENABLE_OBJC_WEAK = YES;
				CLANG_WARN_BLOCK_CAPTURE_AUTORELEASING = YES;
				CLANG_WARN_BOOL_CONVERSION = YES;
				CLANG_WARN_COMMA = YES;
				CLANG_WARN_CONSTANT_CONVERSION = YES;
				CLANG_WARN_DEPRECATED_OBJC_IMPLEMENTATIONS = YES;
				CLANG_WARN_DIRECT_OBJC_ISA_USAGE = YES_ERROR;
				CLANG_WARN_DOCUMENTATION_COMMENTS = YES;
				CLANG_WARN_EMPTY_BODY = YES;
				CLANG_WARN_ENUM_CONVERSION = YES;
				CLANG_WARN_INFINITE_RECURSION = YES;
				CLANG_WARN_INT_CONVERSION = YES;
				CLANG_WARN_NON_LITERAL_NULL_CONVERSION = YES;
				CLANG_WARN_OBJC_IMPLICIT_RETAIN_SELF = YES;
				CLANG_WARN_OBJC_LITERAL_CONVERSION = YES;
				CLANG_WARN_OBJC_ROOT_CLASS = YES_ERROR;
				CLANG_WARN_QUOTED_INCLUDE_IN_FRAMEWORK_HEADER = YES;
				CLANG_WARN_RANGE_LOOP_ANALYSIS = YES;
				CLANG_WARN_STRICT_PROTOTYPES = YES;
				CLANG_WARN_SUSPICIOUS_MOVE = YES;
				CLANG_WARN_UNGUARDED_AVAILABILITY = YES_AGGRESSIVE;
				CLANG_WARN_UNREACHABLE_CODE = YES;
				CLANG_WARN__DUPLICATE_METHOD_MATCH = YES;
				COPY_PHASE_STRIP = NO;
				DEBUG_INFORMATION_FORMAT = "dwarf-with-dsym";
				ENABLE_NS_ASSERTIONS = NO;
				ENABLE_STRICT_OBJC_MSGSEND = YES;
				GCC_C_LANGUAGE_STANDARD = gnu11;
				GCC_NO_COMMON_BLOCKS = YES;
				GCC_WARN_64_TO_32_BIT_CONVERSION = YES;
				GCC_WARN_ABOUT_RETURN_TYPE = YES_ERROR;
				GCC_WARN_UNDECLARED_SELECTOR = YES;
				GCC_WARN_UNINITIALIZED_AUTOS = YES_AGGRESSIVE;
				GCC_WARN_UNUSED_FUNCTION = YES;
				GCC_WARN_UNUSED_VARIABLE = YES;
				IPHONEOS_DEPLOYMENT_TARGET = 14.4;
				MTL_ENABLE_DEBUG_INFO = NO;
				MTL_FAST_MATH = YES;
				SDKROOT = iphoneos;
				SWIFT_COMPILATION_MODE = wholemodule;
				SWIFT_OPTIMIZATION_LEVEL = "-O";
				VALIDATE_PRODUCT = YES;
			};
			name = Release;
		};
		2376C4D62617421400822D22 /* Debug */ = {
			isa = XCBuildConfiguration;
			buildSettings = {
				ASSETCATALOG_COMPILER_APPICON_NAME = AppIcon;
				ASSETCATALOG_COMPILER_GLOBAL_ACCENT_COLOR_NAME = AccentColor;
				CODE_SIGN_IDENTITY = "Apple Development";
				CODE_SIGN_STYLE = Automatic;
				DEVELOPMENT_TEAM = "";
				INFOPLIST_FILE = VK_PlusHW2.3/Info.plist;
				LD_RUNPATH_SEARCH_PATHS = (
					"$(inherited)",
					"@executable_path/Frameworks",
				);
				PRODUCT_BUNDLE_IDENTIFIER = "Eduard.VK-PlusHW2.3";
				PRODUCT_NAME = "$(TARGET_NAME)";
				PROVISIONING_PROFILE_SPECIFIER = "";
				SWIFT_VERSION = 5.0;
				TARGETED_DEVICE_FAMILY = "1,2";
			};
			name = Debug;
		};
		2376C4D72617421400822D22 /* Release */ = {
			isa = XCBuildConfiguration;
			buildSettings = {
				ASSETCATALOG_COMPILER_APPICON_NAME = AppIcon;
				ASSETCATALOG_COMPILER_GLOBAL_ACCENT_COLOR_NAME = AccentColor;
				CODE_SIGN_IDENTITY = "Apple Development";
				CODE_SIGN_STYLE = Automatic;
				DEVELOPMENT_TEAM = "";
				INFOPLIST_FILE = VK_PlusHW2.3/Info.plist;
				LD_RUNPATH_SEARCH_PATHS = (
					"$(inherited)",
					"@executable_path/Frameworks",
				);
				PRODUCT_BUNDLE_IDENTIFIER = "Eduard.VK-PlusHW2.3";
				PRODUCT_NAME = "$(TARGET_NAME)";
				PROVISIONING_PROFILE_SPECIFIER = "";
				SWIFT_VERSION = 5.0;
				TARGETED_DEVICE_FAMILY = "1,2";
			};
			name = Release;
		};
/* End XCBuildConfiguration section */

/* Begin XCConfigurationList section */
		2376C4BC2617421300822D22 /* Build configuration list for PBXProject "VK_PlusHW2.3" */ = {
			isa = XCConfigurationList;
			buildConfigurations = (
				2376C4D32617421400822D22 /* Debug */,
				2376C4D42617421400822D22 /* Release */,
			);
			defaultConfigurationIsVisible = 0;
			defaultConfigurationName = Release;
		};
		2376C4D52617421400822D22 /* Build configuration list for PBXNativeTarget "VK_PlusHW2.3" */ = {
			isa = XCConfigurationList;
			buildConfigurations = (
				2376C4D62617421400822D22 /* Debug */,
				2376C4D72617421400822D22 /* Release */,
			);
			defaultConfigurationIsVisible = 0;
			defaultConfigurationName = Release;
		};
/* End XCConfigurationList section */
	};
	rootObject = 2376C4B92617421300822D22 /* Project object */;
}
